// !$*UTF8*$!
{
	archiveVersion = 1;
	classes = {
	};
	objectVersion = 56;
	objects = {

/* Begin PBXBuildFile section */
		FA3C6A6B2A400F3D00FF1CFB /* CacheFeedImageDataUseCaseTests.swift in Sources */ = {isa = PBXBuildFile; fileRef = FA3C6A6A2A400F3D00FF1CFB /* CacheFeedImageDataUseCaseTests.swift */; };
		FA3C6A6D2A4012E300FF1CFB /* CoreDataFeedImageDataStoreTests.swift in Sources */ = {isa = PBXBuildFile; fileRef = FA3C6A6C2A4012E300FF1CFB /* CoreDataFeedImageDataStoreTests.swift */; };
		FA3C6A6F2A40136600FF1CFB /* CoreDataFeedStore+FeedImageDataLoader.swift in Sources */ = {isa = PBXBuildFile; fileRef = FA3C6A6E2A40136600FF1CFB /* CoreDataFeedStore+FeedImageDataLoader.swift */; };
		FA79946C2A43C5F200B3E362 /* LoadResourcePresenter.swift in Sources */ = {isa = PBXBuildFile; fileRef = FA79946B2A43C5F200B3E362 /* LoadResourcePresenter.swift */; };
		FA7994702A43C61D00B3E362 /* LoadResourcePresenterTests.swift in Sources */ = {isa = PBXBuildFile; fileRef = FA79946F2A43C61D00B3E362 /* LoadResourcePresenterTests.swift */; };
		FA7994722A43C74900B3E362 /* ResourceLoadingView.swift in Sources */ = {isa = PBXBuildFile; fileRef = FA7994712A43C74900B3E362 /* ResourceLoadingView.swift */; };
		FA7994742A43C75800B3E362 /* ResourceLoadingViewModel.swift in Sources */ = {isa = PBXBuildFile; fileRef = FA7994732A43C75800B3E362 /* ResourceLoadingViewModel.swift */; };
		FA7994762A43C85000B3E362 /* ResourceErrorView.swift in Sources */ = {isa = PBXBuildFile; fileRef = FA7994752A43C85000B3E362 /* ResourceErrorView.swift */; };
		FA7994782A43C85E00B3E362 /* ResourceErrorViewModel.swift in Sources */ = {isa = PBXBuildFile; fileRef = FA7994772A43C85E00B3E362 /* ResourceErrorViewModel.swift */; };
		FA79947A2A43C9C800B3E362 /* Shared.strings in Resources */ = {isa = PBXBuildFile; fileRef = FA7994792A43C9C800B3E362 /* Shared.strings */; };
		FAE86A082A3E2C40003AFB9E /* EssentialFeed.framework in Frameworks */ = {isa = PBXBuildFile; fileRef = FAE869FF2A3E2C40003AFB9E /* EssentialFeed.framework */; };
		FAE86A0E2A3E2C40003AFB9E /* EssentialFeed.h in Headers */ = {isa = PBXBuildFile; fileRef = FAE86A022A3E2C40003AFB9E /* EssentialFeed.h */; settings = {ATTRIBUTES = (Public, ); }; };
		FAE86A1E2A3E8795003AFB9E /* FeedImage.swift in Sources */ = {isa = PBXBuildFile; fileRef = FAE86A1D2A3E8795003AFB9E /* FeedImage.swift */; };
		FAE86A202A3E87C1003AFB9E /* ImageComment.swift in Sources */ = {isa = PBXBuildFile; fileRef = FAE86A1F2A3E87C1003AFB9E /* ImageComment.swift */; };
		FAE86A242A3E8876003AFB9E /* HTTPClient.swift in Sources */ = {isa = PBXBuildFile; fileRef = FAE86A232A3E8876003AFB9E /* HTTPClient.swift */; };
		FAE86A272A3E8A11003AFB9E /* URLSessionHTTPClient.swift in Sources */ = {isa = PBXBuildFile; fileRef = FAE86A262A3E8A11003AFB9E /* URLSessionHTTPClient.swift */; };
		FAE86A2B2A3E8A50003AFB9E /* URLSessionHTTPClientTests.swift in Sources */ = {isa = PBXBuildFile; fileRef = FAE86A2A2A3E8A50003AFB9E /* URLSessionHTTPClientTests.swift */; };
		FAE86A2E2A3E8A8D003AFB9E /* URLProtocolStub.swift in Sources */ = {isa = PBXBuildFile; fileRef = FAE86A2D2A3E8A8D003AFB9E /* URLProtocolStub.swift */; };
		FAE86A312A3E8AC7003AFB9E /* XCTestCase+MemoryLeakTracking.swift in Sources */ = {isa = PBXBuildFile; fileRef = FAE86A302A3E8AC7003AFB9E /* XCTestCase+MemoryLeakTracking.swift */; };
		FAE86A332A3E8B14003AFB9E /* SharedTestHelpers.swift in Sources */ = {isa = PBXBuildFile; fileRef = FAE86A322A3E8B14003AFB9E /* SharedTestHelpers.swift */; };
		FAE86A362A3EC565003AFB9E /* FeedItemsMapper.swift in Sources */ = {isa = PBXBuildFile; fileRef = FAE86A352A3EC565003AFB9E /* FeedItemsMapper.swift */; };
		FAE86A382A3EC5B6003AFB9E /* FeedItemsMapperTests.swift in Sources */ = {isa = PBXBuildFile; fileRef = FAE86A372A3EC5B6003AFB9E /* FeedItemsMapperTests.swift */; };
		FAE86A3E2A3EC828003AFB9E /* HTTPURLResponse+StatusCode.swift in Sources */ = {isa = PBXBuildFile; fileRef = FAE86A3D2A3EC828003AFB9E /* HTTPURLResponse+StatusCode.swift */; };
		FAE86A402A3EC895003AFB9E /* FeedImageDataMapper.swift in Sources */ = {isa = PBXBuildFile; fileRef = FAE86A3F2A3EC895003AFB9E /* FeedImageDataMapper.swift */; };
		FAE86A432A3EC8B1003AFB9E /* FeedImageDataMapperTests.swift in Sources */ = {isa = PBXBuildFile; fileRef = FAE86A422A3EC8B1003AFB9E /* FeedImageDataMapperTests.swift */; };
		FAE86A452A3EC97F003AFB9E /* FeedEndpoint.swift in Sources */ = {isa = PBXBuildFile; fileRef = FAE86A442A3EC97F003AFB9E /* FeedEndpoint.swift */; };
		FAE86A472A3EC995003AFB9E /* FeedEndpointTests.swift in Sources */ = {isa = PBXBuildFile; fileRef = FAE86A462A3EC995003AFB9E /* FeedEndpointTests.swift */; };
		FAE86A4B2A3ECA1B003AFB9E /* ImageCommentsMapper.swift in Sources */ = {isa = PBXBuildFile; fileRef = FAE86A4A2A3ECA1B003AFB9E /* ImageCommentsMapper.swift */; };
		FAE86A4D2A3ECA54003AFB9E /* ImageCommentsMapperTests.swift in Sources */ = {isa = PBXBuildFile; fileRef = FAE86A4C2A3ECA54003AFB9E /* ImageCommentsMapperTests.swift */; };
		FAE86A532A3ECBF6003AFB9E /* ImageCommentsEndpoint.swift in Sources */ = {isa = PBXBuildFile; fileRef = FAE86A522A3ECBF6003AFB9E /* ImageCommentsEndpoint.swift */; };
		FAE86A552A3ECC05003AFB9E /* ImageCommentsEndpointTests.swift in Sources */ = {isa = PBXBuildFile; fileRef = FAE86A542A3ECC05003AFB9E /* ImageCommentsEndpointTests.swift */; };
		FAE86A5A2A3ECDF7003AFB9E /* LocalFeedImage.swift in Sources */ = {isa = PBXBuildFile; fileRef = FAE86A592A3ECDF7003AFB9E /* LocalFeedImage.swift */; };
		FAE86A5C2A3ECE85003AFB9E /* FeedStore.swift in Sources */ = {isa = PBXBuildFile; fileRef = FAE86A5B2A3ECE85003AFB9E /* FeedStore.swift */; };
		FAE86A5E2A3ECEEA003AFB9E /* LocalFeedLoader.swift in Sources */ = {isa = PBXBuildFile; fileRef = FAE86A5D2A3ECEEA003AFB9E /* LocalFeedLoader.swift */; };
		FAE86A602A3ECF11003AFB9E /* CacheFeedUseCaseTests.swift in Sources */ = {isa = PBXBuildFile; fileRef = FAE86A5F2A3ECF11003AFB9E /* CacheFeedUseCaseTests.swift */; };
		FAE86A632A3ECF58003AFB9E /* FeedStoreSpy.swift in Sources */ = {isa = PBXBuildFile; fileRef = FAE86A622A3ECF58003AFB9E /* FeedStoreSpy.swift */; };
		FAE86A652A3ECFC5003AFB9E /* FeedCacheTestHelpers.swift in Sources */ = {isa = PBXBuildFile; fileRef = FAE86A642A3ECFC5003AFB9E /* FeedCacheTestHelpers.swift */; };
		FAE86A672A3ED034003AFB9E /* FeedCache.swift in Sources */ = {isa = PBXBuildFile; fileRef = FAE86A662A3ED034003AFB9E /* FeedCache.swift */; };
		FAE86A6B2A3ED34B003AFB9E /* LoadFeedFromCacheUseCaseTests.swift in Sources */ = {isa = PBXBuildFile; fileRef = FAE86A6A2A3ED34B003AFB9E /* LoadFeedFromCacheUseCaseTests.swift */; };
		FAE86A6D2A3ED398003AFB9E /* FeedCachePolicy.swift in Sources */ = {isa = PBXBuildFile; fileRef = FAE86A6C2A3ED398003AFB9E /* FeedCachePolicy.swift */; };
		FAE86A6F2A3F7633003AFB9E /* ValidateFeedCacheUseCaseTests.swift in Sources */ = {isa = PBXBuildFile; fileRef = FAE86A6E2A3F7633003AFB9E /* ValidateFeedCacheUseCaseTests.swift */; };
		FAE86A752A3F8DE8003AFB9E /* FeedStore.xcdatamodeld in Sources */ = {isa = PBXBuildFile; fileRef = FAE86A722A3F8DE8003AFB9E /* FeedStore.xcdatamodeld */; };
		FAE86A7C2A3F8E67003AFB9E /* ManagedCache.swift in Sources */ = {isa = PBXBuildFile; fileRef = FAE86A782A3F8E67003AFB9E /* ManagedCache.swift */; };
		FAE86A7E2A3F8E67003AFB9E /* ManagedFeedImage.swift in Sources */ = {isa = PBXBuildFile; fileRef = FAE86A7A2A3F8E67003AFB9E /* ManagedFeedImage.swift */; };
		FAE86A812A3F8EE9003AFB9E /* CoreDataFeedStore.swift in Sources */ = {isa = PBXBuildFile; fileRef = FAE86A802A3F8EE9003AFB9E /* CoreDataFeedStore.swift */; };
		FAE86A832A3F8F11003AFB9E /* CoreDataHelpers.swift in Sources */ = {isa = PBXBuildFile; fileRef = FAE86A822A3F8F11003AFB9E /* CoreDataHelpers.swift */; };
		FAE86A852A3F8F4D003AFB9E /* CoreDataFeedStoreTests.swift in Sources */ = {isa = PBXBuildFile; fileRef = FAE86A842A3F8F4D003AFB9E /* CoreDataFeedStoreTests.swift */; };
		FAE86A882A3F8F91003AFB9E /* FeedStoreSpecs.swift in Sources */ = {isa = PBXBuildFile; fileRef = FAE86A872A3F8F91003AFB9E /* FeedStoreSpecs.swift */; };
		FAE86A8A2A3F8FB3003AFB9E /* XCTestCase+FeedStoreSpecs.swift in Sources */ = {isa = PBXBuildFile; fileRef = FAE86A892A3F8FB3003AFB9E /* XCTestCase+FeedStoreSpecs.swift */; };
		FAE86A8C2A3F8FBE003AFB9E /* XCTestCase+FailableRetrieveFeedStoreSpecs.swift in Sources */ = {isa = PBXBuildFile; fileRef = FAE86A8B2A3F8FBE003AFB9E /* XCTestCase+FailableRetrieveFeedStoreSpecs.swift */; };
		FAE86A8E2A3F8FC7003AFB9E /* XCTestCase+FailableInsertFeedStoreSpecs.swift in Sources */ = {isa = PBXBuildFile; fileRef = FAE86A8D2A3F8FC7003AFB9E /* XCTestCase+FailableInsertFeedStoreSpecs.swift */; };
		FAE86A902A3F8FD1003AFB9E /* XCTestCase+FailableDeleteFeedStoreSpecs.swift in Sources */ = {isa = PBXBuildFile; fileRef = FAE86A8F2A3F8FD1003AFB9E /* XCTestCase+FailableDeleteFeedStoreSpecs.swift */; };
		FAE86A922A3F9082003AFB9E /* CoreDataFeedStore+FeedStore.swift in Sources */ = {isa = PBXBuildFile; fileRef = FAE86A912A3F9082003AFB9E /* CoreDataFeedStore+FeedStore.swift */; };
		FAE86A962A3F9387003AFB9E /* FeedImageDataStore.swift in Sources */ = {isa = PBXBuildFile; fileRef = FAE86A952A3F9387003AFB9E /* FeedImageDataStore.swift */; };
		FAE86A982A3F93B7003AFB9E /* LocalFeedImageDataLoader.swift in Sources */ = {isa = PBXBuildFile; fileRef = FAE86A972A3F93B7003AFB9E /* LocalFeedImageDataLoader.swift */; };
		FAE86A9A2A3F93E4003AFB9E /* FeedImageDataCache.swift in Sources */ = {isa = PBXBuildFile; fileRef = FAE86A992A3F93E4003AFB9E /* FeedImageDataCache.swift */; };
		FAE86A9C2A3F963E003AFB9E /* FeedImageDataLoader.swift in Sources */ = {isa = PBXBuildFile; fileRef = FAE86A9B2A3F963E003AFB9E /* FeedImageDataLoader.swift */; };
		FAE86A9E2A3F9673003AFB9E /* LoadFeedImageDataFromCacheUseCaseTests.swift in Sources */ = {isa = PBXBuildFile; fileRef = FAE86A9D2A3F9673003AFB9E /* LoadFeedImageDataFromCacheUseCaseTests.swift */; };
		FAE86AA02A3F9831003AFB9E /* FeedImageDataStoreSpy.swift in Sources */ = {isa = PBXBuildFile; fileRef = FAE86A9F2A3F9831003AFB9E /* FeedImageDataStoreSpy.swift */; };
/* End PBXBuildFile section */

/* Begin PBXContainerItemProxy section */
		FAE86A092A3E2C40003AFB9E /* PBXContainerItemProxy */ = {
			isa = PBXContainerItemProxy;
			containerPortal = FAE869F62A3E2C40003AFB9E /* Project object */;
			proxyType = 1;
			remoteGlobalIDString = FAE869FE2A3E2C40003AFB9E;
			remoteInfo = EssentialFeed;
		};
/* End PBXContainerItemProxy section */

/* Begin PBXFileReference section */
		FA3C6A6A2A400F3D00FF1CFB /* CacheFeedImageDataUseCaseTests.swift */ = {isa = PBXFileReference; lastKnownFileType = sourcecode.swift; path = CacheFeedImageDataUseCaseTests.swift; sourceTree = "<group>"; };
		FA3C6A6C2A4012E300FF1CFB /* CoreDataFeedImageDataStoreTests.swift */ = {isa = PBXFileReference; lastKnownFileType = sourcecode.swift; path = CoreDataFeedImageDataStoreTests.swift; sourceTree = "<group>"; };
		FA3C6A6E2A40136600FF1CFB /* CoreDataFeedStore+FeedImageDataLoader.swift */ = {isa = PBXFileReference; lastKnownFileType = sourcecode.swift; path = "CoreDataFeedStore+FeedImageDataLoader.swift"; sourceTree = "<group>"; };
		FA79946B2A43C5F200B3E362 /* LoadResourcePresenter.swift */ = {isa = PBXFileReference; lastKnownFileType = sourcecode.swift; path = LoadResourcePresenter.swift; sourceTree = "<group>"; };
		FA79946F2A43C61D00B3E362 /* LoadResourcePresenterTests.swift */ = {isa = PBXFileReference; lastKnownFileType = sourcecode.swift; path = LoadResourcePresenterTests.swift; sourceTree = "<group>"; };
		FA7994712A43C74900B3E362 /* ResourceLoadingView.swift */ = {isa = PBXFileReference; lastKnownFileType = sourcecode.swift; path = ResourceLoadingView.swift; sourceTree = "<group>"; };
		FA7994732A43C75800B3E362 /* ResourceLoadingViewModel.swift */ = {isa = PBXFileReference; lastKnownFileType = sourcecode.swift; path = ResourceLoadingViewModel.swift; sourceTree = "<group>"; };
		FA7994752A43C85000B3E362 /* ResourceErrorView.swift */ = {isa = PBXFileReference; lastKnownFileType = sourcecode.swift; path = ResourceErrorView.swift; sourceTree = "<group>"; };
		FA7994772A43C85E00B3E362 /* ResourceErrorViewModel.swift */ = {isa = PBXFileReference; lastKnownFileType = sourcecode.swift; path = ResourceErrorViewModel.swift; sourceTree = "<group>"; };
		FA7994792A43C9C800B3E362 /* Shared.strings */ = {isa = PBXFileReference; lastKnownFileType = text.plist.strings; path = Shared.strings; sourceTree = "<group>"; };
		FAE869FF2A3E2C40003AFB9E /* EssentialFeed.framework */ = {isa = PBXFileReference; explicitFileType = wrapper.framework; includeInIndex = 0; path = EssentialFeed.framework; sourceTree = BUILT_PRODUCTS_DIR; };
		FAE86A022A3E2C40003AFB9E /* EssentialFeed.h */ = {isa = PBXFileReference; lastKnownFileType = sourcecode.c.h; path = EssentialFeed.h; sourceTree = "<group>"; };
		FAE86A072A3E2C40003AFB9E /* EssentialFeedTests.xctest */ = {isa = PBXFileReference; explicitFileType = wrapper.cfbundle; includeInIndex = 0; path = EssentialFeedTests.xctest; sourceTree = BUILT_PRODUCTS_DIR; };
		FAE86A1D2A3E8795003AFB9E /* FeedImage.swift */ = {isa = PBXFileReference; lastKnownFileType = sourcecode.swift; path = FeedImage.swift; sourceTree = "<group>"; };
		FAE86A1F2A3E87C1003AFB9E /* ImageComment.swift */ = {isa = PBXFileReference; lastKnownFileType = sourcecode.swift; path = ImageComment.swift; sourceTree = "<group>"; };
		FAE86A232A3E8876003AFB9E /* HTTPClient.swift */ = {isa = PBXFileReference; lastKnownFileType = sourcecode.swift; path = HTTPClient.swift; sourceTree = "<group>"; };
		FAE86A262A3E8A11003AFB9E /* URLSessionHTTPClient.swift */ = {isa = PBXFileReference; lastKnownFileType = sourcecode.swift; path = URLSessionHTTPClient.swift; sourceTree = "<group>"; };
		FAE86A2A2A3E8A50003AFB9E /* URLSessionHTTPClientTests.swift */ = {isa = PBXFileReference; lastKnownFileType = sourcecode.swift; path = URLSessionHTTPClientTests.swift; sourceTree = "<group>"; };
		FAE86A2D2A3E8A8D003AFB9E /* URLProtocolStub.swift */ = {isa = PBXFileReference; lastKnownFileType = sourcecode.swift; path = URLProtocolStub.swift; sourceTree = "<group>"; };
		FAE86A302A3E8AC7003AFB9E /* XCTestCase+MemoryLeakTracking.swift */ = {isa = PBXFileReference; lastKnownFileType = sourcecode.swift; path = "XCTestCase+MemoryLeakTracking.swift"; sourceTree = "<group>"; };
		FAE86A322A3E8B14003AFB9E /* SharedTestHelpers.swift */ = {isa = PBXFileReference; lastKnownFileType = sourcecode.swift; path = SharedTestHelpers.swift; sourceTree = "<group>"; };
		FAE86A352A3EC565003AFB9E /* FeedItemsMapper.swift */ = {isa = PBXFileReference; lastKnownFileType = sourcecode.swift; path = FeedItemsMapper.swift; sourceTree = "<group>"; };
		FAE86A372A3EC5B6003AFB9E /* FeedItemsMapperTests.swift */ = {isa = PBXFileReference; lastKnownFileType = sourcecode.swift; path = FeedItemsMapperTests.swift; sourceTree = "<group>"; };
		FAE86A3D2A3EC828003AFB9E /* HTTPURLResponse+StatusCode.swift */ = {isa = PBXFileReference; lastKnownFileType = sourcecode.swift; path = "HTTPURLResponse+StatusCode.swift"; sourceTree = "<group>"; };
		FAE86A3F2A3EC895003AFB9E /* FeedImageDataMapper.swift */ = {isa = PBXFileReference; lastKnownFileType = sourcecode.swift; path = FeedImageDataMapper.swift; sourceTree = "<group>"; };
		FAE86A422A3EC8B1003AFB9E /* FeedImageDataMapperTests.swift */ = {isa = PBXFileReference; lastKnownFileType = sourcecode.swift; path = FeedImageDataMapperTests.swift; sourceTree = "<group>"; };
		FAE86A442A3EC97F003AFB9E /* FeedEndpoint.swift */ = {isa = PBXFileReference; lastKnownFileType = sourcecode.swift; path = FeedEndpoint.swift; sourceTree = "<group>"; };
		FAE86A462A3EC995003AFB9E /* FeedEndpointTests.swift */ = {isa = PBXFileReference; lastKnownFileType = sourcecode.swift; path = FeedEndpointTests.swift; sourceTree = "<group>"; };
		FAE86A4A2A3ECA1B003AFB9E /* ImageCommentsMapper.swift */ = {isa = PBXFileReference; lastKnownFileType = sourcecode.swift; path = ImageCommentsMapper.swift; sourceTree = "<group>"; };
		FAE86A4C2A3ECA54003AFB9E /* ImageCommentsMapperTests.swift */ = {isa = PBXFileReference; lastKnownFileType = sourcecode.swift; path = ImageCommentsMapperTests.swift; sourceTree = "<group>"; };
		FAE86A522A3ECBF6003AFB9E /* ImageCommentsEndpoint.swift */ = {isa = PBXFileReference; lastKnownFileType = sourcecode.swift; path = ImageCommentsEndpoint.swift; sourceTree = "<group>"; };
		FAE86A542A3ECC05003AFB9E /* ImageCommentsEndpointTests.swift */ = {isa = PBXFileReference; lastKnownFileType = sourcecode.swift; path = ImageCommentsEndpointTests.swift; sourceTree = "<group>"; };
		FAE86A592A3ECDF7003AFB9E /* LocalFeedImage.swift */ = {isa = PBXFileReference; lastKnownFileType = sourcecode.swift; path = LocalFeedImage.swift; sourceTree = "<group>"; };
		FAE86A5B2A3ECE85003AFB9E /* FeedStore.swift */ = {isa = PBXFileReference; lastKnownFileType = sourcecode.swift; path = FeedStore.swift; sourceTree = "<group>"; };
		FAE86A5D2A3ECEEA003AFB9E /* LocalFeedLoader.swift */ = {isa = PBXFileReference; lastKnownFileType = sourcecode.swift; path = LocalFeedLoader.swift; sourceTree = "<group>"; };
		FAE86A5F2A3ECF11003AFB9E /* CacheFeedUseCaseTests.swift */ = {isa = PBXFileReference; lastKnownFileType = sourcecode.swift; path = CacheFeedUseCaseTests.swift; sourceTree = "<group>"; };
		FAE86A622A3ECF58003AFB9E /* FeedStoreSpy.swift */ = {isa = PBXFileReference; lastKnownFileType = sourcecode.swift; path = FeedStoreSpy.swift; sourceTree = "<group>"; };
		FAE86A642A3ECFC5003AFB9E /* FeedCacheTestHelpers.swift */ = {isa = PBXFileReference; lastKnownFileType = sourcecode.swift; path = FeedCacheTestHelpers.swift; sourceTree = "<group>"; };
		FAE86A662A3ED034003AFB9E /* FeedCache.swift */ = {isa = PBXFileReference; lastKnownFileType = sourcecode.swift; path = FeedCache.swift; sourceTree = "<group>"; };
		FAE86A6A2A3ED34B003AFB9E /* LoadFeedFromCacheUseCaseTests.swift */ = {isa = PBXFileReference; lastKnownFileType = sourcecode.swift; path = LoadFeedFromCacheUseCaseTests.swift; sourceTree = "<group>"; };
		FAE86A6C2A3ED398003AFB9E /* FeedCachePolicy.swift */ = {isa = PBXFileReference; lastKnownFileType = sourcecode.swift; path = FeedCachePolicy.swift; sourceTree = "<group>"; };
		FAE86A6E2A3F7633003AFB9E /* ValidateFeedCacheUseCaseTests.swift */ = {isa = PBXFileReference; lastKnownFileType = sourcecode.swift; path = ValidateFeedCacheUseCaseTests.swift; sourceTree = "<group>"; };
		FAE86A732A3F8DE8003AFB9E /* FeedStore2.xcdatamodel */ = {isa = PBXFileReference; lastKnownFileType = wrapper.xcdatamodel; path = FeedStore2.xcdatamodel; sourceTree = "<group>"; };
		FAE86A742A3F8DE8003AFB9E /* FeedStore.xcdatamodel */ = {isa = PBXFileReference; lastKnownFileType = wrapper.xcdatamodel; path = FeedStore.xcdatamodel; sourceTree = "<group>"; };
		FAE86A782A3F8E67003AFB9E /* ManagedCache.swift */ = {isa = PBXFileReference; lastKnownFileType = sourcecode.swift; path = ManagedCache.swift; sourceTree = "<group>"; };
		FAE86A7A2A3F8E67003AFB9E /* ManagedFeedImage.swift */ = {isa = PBXFileReference; lastKnownFileType = sourcecode.swift; path = ManagedFeedImage.swift; sourceTree = "<group>"; };
		FAE86A802A3F8EE9003AFB9E /* CoreDataFeedStore.swift */ = {isa = PBXFileReference; lastKnownFileType = sourcecode.swift; path = CoreDataFeedStore.swift; sourceTree = "<group>"; };
		FAE86A822A3F8F11003AFB9E /* CoreDataHelpers.swift */ = {isa = PBXFileReference; lastKnownFileType = sourcecode.swift; path = CoreDataHelpers.swift; sourceTree = "<group>"; };
		FAE86A842A3F8F4D003AFB9E /* CoreDataFeedStoreTests.swift */ = {isa = PBXFileReference; lastKnownFileType = sourcecode.swift; path = CoreDataFeedStoreTests.swift; sourceTree = "<group>"; };
		FAE86A872A3F8F91003AFB9E /* FeedStoreSpecs.swift */ = {isa = PBXFileReference; lastKnownFileType = sourcecode.swift; path = FeedStoreSpecs.swift; sourceTree = "<group>"; };
		FAE86A892A3F8FB3003AFB9E /* XCTestCase+FeedStoreSpecs.swift */ = {isa = PBXFileReference; lastKnownFileType = sourcecode.swift; path = "XCTestCase+FeedStoreSpecs.swift"; sourceTree = "<group>"; };
		FAE86A8B2A3F8FBE003AFB9E /* XCTestCase+FailableRetrieveFeedStoreSpecs.swift */ = {isa = PBXFileReference; lastKnownFileType = sourcecode.swift; path = "XCTestCase+FailableRetrieveFeedStoreSpecs.swift"; sourceTree = "<group>"; };
		FAE86A8D2A3F8FC7003AFB9E /* XCTestCase+FailableInsertFeedStoreSpecs.swift */ = {isa = PBXFileReference; lastKnownFileType = sourcecode.swift; path = "XCTestCase+FailableInsertFeedStoreSpecs.swift"; sourceTree = "<group>"; };
		FAE86A8F2A3F8FD1003AFB9E /* XCTestCase+FailableDeleteFeedStoreSpecs.swift */ = {isa = PBXFileReference; lastKnownFileType = sourcecode.swift; path = "XCTestCase+FailableDeleteFeedStoreSpecs.swift"; sourceTree = "<group>"; };
		FAE86A912A3F9082003AFB9E /* CoreDataFeedStore+FeedStore.swift */ = {isa = PBXFileReference; lastKnownFileType = sourcecode.swift; path = "CoreDataFeedStore+FeedStore.swift"; sourceTree = "<group>"; };
		FAE86A952A3F9387003AFB9E /* FeedImageDataStore.swift */ = {isa = PBXFileReference; lastKnownFileType = sourcecode.swift; path = FeedImageDataStore.swift; sourceTree = "<group>"; };
		FAE86A972A3F93B7003AFB9E /* LocalFeedImageDataLoader.swift */ = {isa = PBXFileReference; lastKnownFileType = sourcecode.swift; path = LocalFeedImageDataLoader.swift; sourceTree = "<group>"; };
		FAE86A992A3F93E4003AFB9E /* FeedImageDataCache.swift */ = {isa = PBXFileReference; lastKnownFileType = sourcecode.swift; path = FeedImageDataCache.swift; sourceTree = "<group>"; };
		FAE86A9B2A3F963E003AFB9E /* FeedImageDataLoader.swift */ = {isa = PBXFileReference; lastKnownFileType = sourcecode.swift; path = FeedImageDataLoader.swift; sourceTree = "<group>"; };
		FAE86A9D2A3F9673003AFB9E /* LoadFeedImageDataFromCacheUseCaseTests.swift */ = {isa = PBXFileReference; lastKnownFileType = sourcecode.swift; path = LoadFeedImageDataFromCacheUseCaseTests.swift; sourceTree = "<group>"; };
		FAE86A9F2A3F9831003AFB9E /* FeedImageDataStoreSpy.swift */ = {isa = PBXFileReference; lastKnownFileType = sourcecode.swift; path = FeedImageDataStoreSpy.swift; sourceTree = "<group>"; };
/* End PBXFileReference section */

/* Begin PBXFrameworksBuildPhase section */
		FAE869FC2A3E2C40003AFB9E /* Frameworks */ = {
			isa = PBXFrameworksBuildPhase;
			buildActionMask = 2147483647;
			files = (
			);
			runOnlyForDeploymentPostprocessing = 0;
		};
		FAE86A042A3E2C40003AFB9E /* Frameworks */ = {
			isa = PBXFrameworksBuildPhase;
			buildActionMask = 2147483647;
			files = (
				FAE86A082A3E2C40003AFB9E /* EssentialFeed.framework in Frameworks */,
			);
			runOnlyForDeploymentPostprocessing = 0;
		};
/* End PBXFrameworksBuildPhase section */

/* Begin PBXGroup section */
		FA79946A2A43C5DC00B3E362 /* Presentation */ = {
			isa = PBXGroup;
			children = (
				FA79946B2A43C5F200B3E362 /* LoadResourcePresenter.swift */,
				FA7994712A43C74900B3E362 /* ResourceLoadingView.swift */,
				FA7994732A43C75800B3E362 /* ResourceLoadingViewModel.swift */,
				FA7994752A43C85000B3E362 /* ResourceErrorView.swift */,
				FA7994772A43C85E00B3E362 /* ResourceErrorViewModel.swift */,
				FA7994792A43C9C800B3E362 /* Shared.strings */,
			);
			path = Presentation;
			sourceTree = "<group>";
		};
		FA79946D2A43C60200B3E362 /* Presentation */ = {
			isa = PBXGroup;
			children = (
				FA79946F2A43C61D00B3E362 /* LoadResourcePresenterTests.swift */,
			);
			path = Presentation;
			sourceTree = "<group>";
		};
		FAE869F52A3E2C40003AFB9E = {
			isa = PBXGroup;
			children = (
				FAE86A012A3E2C40003AFB9E /* EssentialFeed */,
				FAE86A0B2A3E2C40003AFB9E /* EssentialFeedTests */,
				FAE86A002A3E2C40003AFB9E /* Products */,
			);
			sourceTree = "<group>";
		};
		FAE86A002A3E2C40003AFB9E /* Products */ = {
			isa = PBXGroup;
			children = (
				FAE869FF2A3E2C40003AFB9E /* EssentialFeed.framework */,
				FAE86A072A3E2C40003AFB9E /* EssentialFeedTests.xctest */,
			);
			name = Products;
			sourceTree = "<group>";
		};
		FAE86A012A3E2C40003AFB9E /* EssentialFeed */ = {
			isa = PBXGroup;
			children = (
				FAE86A212A3E885D003AFB9E /* Shared */,
				FAE86A192A3E875B003AFB9E /* Feed */,
				FAE86A1A2A3E8764003AFB9E /* ImageComments */,
				FAE86A022A3E2C40003AFB9E /* EssentialFeed.h */,
			);
			path = EssentialFeed;
			sourceTree = "<group>";
		};
		FAE86A0B2A3E2C40003AFB9E /* EssentialFeedTests */ = {
			isa = PBXGroup;
			children = (
				FAE86A2F2A3E8AA8003AFB9E /* Helpers */,
				FAE86A282A3E8A31003AFB9E /* Shared */,
				FAE86A342A3EC53D003AFB9E /* Feed */,
				FAE86A502A3ECBB5003AFB9E /* ImageComments */,
			);
			path = EssentialFeedTests;
			sourceTree = "<group>";
		};
		FAE86A192A3E875B003AFB9E /* Feed */ = {
			isa = PBXGroup;
			children = (
				FAE86A1B2A3E8773003AFB9E /* Domain */,
				FAE86A3B2A3EC7F5003AFB9E /* API */,
				FAE86A562A3ECD95003AFB9E /* Cache */,
			);
			path = Feed;
			sourceTree = "<group>";
		};
		FAE86A1A2A3E8764003AFB9E /* ImageComments */ = {
			isa = PBXGroup;
			children = (
				FAE86A1C2A3E8777003AFB9E /* Domain */,
				FAE86A492A3EC9F4003AFB9E /* API */,
			);
			path = ImageComments;
			sourceTree = "<group>";
		};
		FAE86A1B2A3E8773003AFB9E /* Domain */ = {
			isa = PBXGroup;
			children = (
				FAE86A1D2A3E8795003AFB9E /* FeedImage.swift */,
				FAE86A662A3ED034003AFB9E /* FeedCache.swift */,
				FAE86A9B2A3F963E003AFB9E /* FeedImageDataLoader.swift */,
				FAE86A992A3F93E4003AFB9E /* FeedImageDataCache.swift */,
			);
			path = Domain;
			sourceTree = "<group>";
		};
		FAE86A1C2A3E8777003AFB9E /* Domain */ = {
			isa = PBXGroup;
			children = (
				FAE86A1F2A3E87C1003AFB9E /* ImageComment.swift */,
			);
			path = Domain;
			sourceTree = "<group>";
		};
		FAE86A212A3E885D003AFB9E /* Shared */ = {
			isa = PBXGroup;
			children = (
				FAE86A222A3E8865003AFB9E /* API */,
				FAE86A252A3E89FE003AFB9E /* API Infra */,
				FA79946A2A43C5DC00B3E362 /* Presentation */,
			);
			path = Shared;
			sourceTree = "<group>";
		};
		FAE86A222A3E8865003AFB9E /* API */ = {
			isa = PBXGroup;
			children = (
				FAE86A232A3E8876003AFB9E /* HTTPClient.swift */,
			);
			path = API;
			sourceTree = "<group>";
		};
		FAE86A252A3E89FE003AFB9E /* API Infra */ = {
			isa = PBXGroup;
			children = (
				FAE86A262A3E8A11003AFB9E /* URLSessionHTTPClient.swift */,
			);
			path = "API Infra";
			sourceTree = "<group>";
		};
		FAE86A282A3E8A31003AFB9E /* Shared */ = {
			isa = PBXGroup;
			children = (
				FAE86A292A3E8A39003AFB9E /* API Infra */,
				FA79946D2A43C60200B3E362 /* Presentation */,
			);
			path = Shared;
			sourceTree = "<group>";
		};
		FAE86A292A3E8A39003AFB9E /* API Infra */ = {
			isa = PBXGroup;
			children = (
				FAE86A2C2A3E8A81003AFB9E /* Helpers */,
				FAE86A2A2A3E8A50003AFB9E /* URLSessionHTTPClientTests.swift */,
			);
			path = "API Infra";
			sourceTree = "<group>";
		};
		FAE86A2C2A3E8A81003AFB9E /* Helpers */ = {
			isa = PBXGroup;
			children = (
				FAE86A2D2A3E8A8D003AFB9E /* URLProtocolStub.swift */,
			);
			path = Helpers;
			sourceTree = "<group>";
		};
		FAE86A2F2A3E8AA8003AFB9E /* Helpers */ = {
			isa = PBXGroup;
			children = (
				FAE86A302A3E8AC7003AFB9E /* XCTestCase+MemoryLeakTracking.swift */,
				FAE86A322A3E8B14003AFB9E /* SharedTestHelpers.swift */,
			);
			path = Helpers;
			sourceTree = "<group>";
		};
		FAE86A342A3EC53D003AFB9E /* Feed */ = {
			isa = PBXGroup;
			children = (
				FAE86A412A3EC8A1003AFB9E /* API */,
				FAE86A482A3EC9C2003AFB9E /* Cache */,
			);
			path = Feed;
			sourceTree = "<group>";
		};
		FAE86A3B2A3EC7F5003AFB9E /* API */ = {
			isa = PBXGroup;
			children = (
				FAE86A3C2A3EC81C003AFB9E /* Helpers */,
				FAE86A352A3EC565003AFB9E /* FeedItemsMapper.swift */,
				FAE86A3F2A3EC895003AFB9E /* FeedImageDataMapper.swift */,
				FAE86A442A3EC97F003AFB9E /* FeedEndpoint.swift */,
			);
			path = API;
			sourceTree = "<group>";
		};
		FAE86A3C2A3EC81C003AFB9E /* Helpers */ = {
			isa = PBXGroup;
			children = (
				FAE86A3D2A3EC828003AFB9E /* HTTPURLResponse+StatusCode.swift */,
			);
			path = Helpers;
			sourceTree = "<group>";
		};
		FAE86A412A3EC8A1003AFB9E /* API */ = {
			isa = PBXGroup;
			children = (
				FAE86A372A3EC5B6003AFB9E /* FeedItemsMapperTests.swift */,
				FAE86A422A3EC8B1003AFB9E /* FeedImageDataMapperTests.swift */,
				FAE86A462A3EC995003AFB9E /* FeedEndpointTests.swift */,
			);
			path = API;
			sourceTree = "<group>";
		};
		FAE86A482A3EC9C2003AFB9E /* Cache */ = {
			isa = PBXGroup;
			children = (
				FAE86A612A3ECF4E003AFB9E /* Helpers */,
				FAE86A862A3F8F75003AFB9E /* FeedStoreSpecs */,
				FAE86A5F2A3ECF11003AFB9E /* CacheFeedUseCaseTests.swift */,
				FAE86A6A2A3ED34B003AFB9E /* LoadFeedFromCacheUseCaseTests.swift */,
				FAE86A6E2A3F7633003AFB9E /* ValidateFeedCacheUseCaseTests.swift */,
				FAE86A842A3F8F4D003AFB9E /* CoreDataFeedStoreTests.swift */,
				FAE86A9D2A3F9673003AFB9E /* LoadFeedImageDataFromCacheUseCaseTests.swift */,
				FA3C6A6A2A400F3D00FF1CFB /* CacheFeedImageDataUseCaseTests.swift */,
				FA3C6A6C2A4012E300FF1CFB /* CoreDataFeedImageDataStoreTests.swift */,
			);
			path = Cache;
			sourceTree = "<group>";
		};
		FAE86A492A3EC9F4003AFB9E /* API */ = {
			isa = PBXGroup;
			children = (
				FAE86A4A2A3ECA1B003AFB9E /* ImageCommentsMapper.swift */,
				FAE86A522A3ECBF6003AFB9E /* ImageCommentsEndpoint.swift */,
			);
			path = API;
			sourceTree = "<group>";
		};
		FAE86A502A3ECBB5003AFB9E /* ImageComments */ = {
			isa = PBXGroup;
			children = (
				FAE86A512A3ECBBC003AFB9E /* API */,
			);
			path = ImageComments;
			sourceTree = "<group>";
		};
		FAE86A512A3ECBBC003AFB9E /* API */ = {
			isa = PBXGroup;
			children = (
				FAE86A4C2A3ECA54003AFB9E /* ImageCommentsMapperTests.swift */,
				FAE86A542A3ECC05003AFB9E /* ImageCommentsEndpointTests.swift */,
			);
			path = API;
			sourceTree = "<group>";
		};
		FAE86A562A3ECD95003AFB9E /* Cache */ = {
			isa = PBXGroup;
			children = (
				FAE86A762A3F8E08003AFB9E /* Infrastructure */,
				FAE86A5B2A3ECE85003AFB9E /* FeedStore.swift */,
				FAE86A592A3ECDF7003AFB9E /* LocalFeedImage.swift */,
				FAE86A5D2A3ECEEA003AFB9E /* LocalFeedLoader.swift */,
				FAE86A6C2A3ED398003AFB9E /* FeedCachePolicy.swift */,
				FAE86A972A3F93B7003AFB9E /* LocalFeedImageDataLoader.swift */,
				FAE86A952A3F9387003AFB9E /* FeedImageDataStore.swift */,
			);
			path = Cache;
			sourceTree = "<group>";
		};
		FAE86A612A3ECF4E003AFB9E /* Helpers */ = {
			isa = PBXGroup;
			children = (
				FAE86A622A3ECF58003AFB9E /* FeedStoreSpy.swift */,
				FAE86A9F2A3F9831003AFB9E /* FeedImageDataStoreSpy.swift */,
				FAE86A642A3ECFC5003AFB9E /* FeedCacheTestHelpers.swift */,
			);
			path = Helpers;
			sourceTree = "<group>";
		};
		FAE86A762A3F8E08003AFB9E /* Infrastructure */ = {
			isa = PBXGroup;
			children = (
				FAE86A772A3F8E11003AFB9E /* CoreData */,
			);
			path = Infrastructure;
			sourceTree = "<group>";
		};
		FAE86A772A3F8E11003AFB9E /* CoreData */ = {
			isa = PBXGroup;
			children = (
				FAE86A802A3F8EE9003AFB9E /* CoreDataFeedStore.swift */,
				FAE86A912A3F9082003AFB9E /* CoreDataFeedStore+FeedStore.swift */,
				FA3C6A6E2A40136600FF1CFB /* CoreDataFeedStore+FeedImageDataLoader.swift */,
				FAE86A822A3F8F11003AFB9E /* CoreDataHelpers.swift */,
				FAE86A782A3F8E67003AFB9E /* ManagedCache.swift */,
				FAE86A7A2A3F8E67003AFB9E /* ManagedFeedImage.swift */,
				FAE86A722A3F8DE8003AFB9E /* FeedStore.xcdatamodeld */,
			);
			path = CoreData;
			sourceTree = "<group>";
		};
		FAE86A862A3F8F75003AFB9E /* FeedStoreSpecs */ = {
			isa = PBXGroup;
			children = (
				FAE86A872A3F8F91003AFB9E /* FeedStoreSpecs.swift */,
				FAE86A892A3F8FB3003AFB9E /* XCTestCase+FeedStoreSpecs.swift */,
				FAE86A8B2A3F8FBE003AFB9E /* XCTestCase+FailableRetrieveFeedStoreSpecs.swift */,
				FAE86A8D2A3F8FC7003AFB9E /* XCTestCase+FailableInsertFeedStoreSpecs.swift */,
				FAE86A8F2A3F8FD1003AFB9E /* XCTestCase+FailableDeleteFeedStoreSpecs.swift */,
			);
			path = FeedStoreSpecs;
			sourceTree = "<group>";
		};
/* End PBXGroup section */

/* Begin PBXHeadersBuildPhase section */
		FAE869FA2A3E2C40003AFB9E /* Headers */ = {
			isa = PBXHeadersBuildPhase;
			buildActionMask = 2147483647;
			files = (
				FAE86A0E2A3E2C40003AFB9E /* EssentialFeed.h in Headers */,
			);
			runOnlyForDeploymentPostprocessing = 0;
		};
/* End PBXHeadersBuildPhase section */

/* Begin PBXNativeTarget section */
		FAE869FE2A3E2C40003AFB9E /* EssentialFeed */ = {
			isa = PBXNativeTarget;
			buildConfigurationList = FAE86A112A3E2C40003AFB9E /* Build configuration list for PBXNativeTarget "EssentialFeed" */;
			buildPhases = (
				FAE869FA2A3E2C40003AFB9E /* Headers */,
				FAE869FB2A3E2C40003AFB9E /* Sources */,
				FAE869FC2A3E2C40003AFB9E /* Frameworks */,
				FAE869FD2A3E2C40003AFB9E /* Resources */,
			);
			buildRules = (
			);
			dependencies = (
			);
			name = EssentialFeed;
			productName = EssentialFeed;
			productReference = FAE869FF2A3E2C40003AFB9E /* EssentialFeed.framework */;
			productType = "com.apple.product-type.framework";
		};
		FAE86A062A3E2C40003AFB9E /* EssentialFeedTests */ = {
			isa = PBXNativeTarget;
			buildConfigurationList = FAE86A142A3E2C40003AFB9E /* Build configuration list for PBXNativeTarget "EssentialFeedTests" */;
			buildPhases = (
				FAE86A032A3E2C40003AFB9E /* Sources */,
				FAE86A042A3E2C40003AFB9E /* Frameworks */,
				FAE86A052A3E2C40003AFB9E /* Resources */,
			);
			buildRules = (
			);
			dependencies = (
				FAE86A0A2A3E2C40003AFB9E /* PBXTargetDependency */,
			);
			name = EssentialFeedTests;
			productName = EssentialFeedTests;
			productReference = FAE86A072A3E2C40003AFB9E /* EssentialFeedTests.xctest */;
			productType = "com.apple.product-type.bundle.unit-test";
		};
/* End PBXNativeTarget section */

/* Begin PBXProject section */
		FAE869F62A3E2C40003AFB9E /* Project object */ = {
			isa = PBXProject;
			attributes = {
				BuildIndependentTargetsInParallel = 1;
				LastSwiftUpdateCheck = 1430;
				LastUpgradeCheck = 1430;
				TargetAttributes = {
					FAE869FE2A3E2C40003AFB9E = {
						CreatedOnToolsVersion = 14.3.1;
						LastSwiftMigration = 1430;
					};
					FAE86A062A3E2C40003AFB9E = {
						CreatedOnToolsVersion = 14.3.1;
					};
				};
			};
			buildConfigurationList = FAE869F92A3E2C40003AFB9E /* Build configuration list for PBXProject "EssentialFeed" */;
			compatibilityVersion = "Xcode 14.0";
			developmentRegion = en;
			hasScannedForEncodings = 0;
			knownRegions = (
				en,
				Base,
			);
			mainGroup = FAE869F52A3E2C40003AFB9E;
			productRefGroup = FAE86A002A3E2C40003AFB9E /* Products */;
			projectDirPath = "";
			projectRoot = "";
			targets = (
				FAE869FE2A3E2C40003AFB9E /* EssentialFeed */,
				FAE86A062A3E2C40003AFB9E /* EssentialFeedTests */,
			);
		};
/* End PBXProject section */

/* Begin PBXResourcesBuildPhase section */
		FAE869FD2A3E2C40003AFB9E /* Resources */ = {
			isa = PBXResourcesBuildPhase;
			buildActionMask = 2147483647;
			files = (
				FA79947A2A43C9C800B3E362 /* Shared.strings in Resources */,
			);
			runOnlyForDeploymentPostprocessing = 0;
		};
		FAE86A052A3E2C40003AFB9E /* Resources */ = {
			isa = PBXResourcesBuildPhase;
			buildActionMask = 2147483647;
			files = (
			);
			runOnlyForDeploymentPostprocessing = 0;
		};
/* End PBXResourcesBuildPhase section */

/* Begin PBXSourcesBuildPhase section */
		FAE869FB2A3E2C40003AFB9E /* Sources */ = {
			isa = PBXSourcesBuildPhase;
			buildActionMask = 2147483647;
			files = (
				FAE86A362A3EC565003AFB9E /* FeedItemsMapper.swift in Sources */,
				FAE86A402A3EC895003AFB9E /* FeedImageDataMapper.swift in Sources */,
				FAE86A6D2A3ED398003AFB9E /* FeedCachePolicy.swift in Sources */,
				FA3C6A6F2A40136600FF1CFB /* CoreDataFeedStore+FeedImageDataLoader.swift in Sources */,
				FAE86A7C2A3F8E67003AFB9E /* ManagedCache.swift in Sources */,
				FAE86A452A3EC97F003AFB9E /* FeedEndpoint.swift in Sources */,
				FA7994742A43C75800B3E362 /* ResourceLoadingViewModel.swift in Sources */,
				FAE86A5C2A3ECE85003AFB9E /* FeedStore.swift in Sources */,
				FAE86A672A3ED034003AFB9E /* FeedCache.swift in Sources */,
				FAE86A1E2A3E8795003AFB9E /* FeedImage.swift in Sources */,
				FAE86A962A3F9387003AFB9E /* FeedImageDataStore.swift in Sources */,
				FAE86A922A3F9082003AFB9E /* CoreDataFeedStore+FeedStore.swift in Sources */,
				FAE86A532A3ECBF6003AFB9E /* ImageCommentsEndpoint.swift in Sources */,
				FAE86A7E2A3F8E67003AFB9E /* ManagedFeedImage.swift in Sources */,
				FA7994722A43C74900B3E362 /* ResourceLoadingView.swift in Sources */,
				FAE86A832A3F8F11003AFB9E /* CoreDataHelpers.swift in Sources */,
				FAE86A202A3E87C1003AFB9E /* ImageComment.swift in Sources */,
				FAE86A242A3E8876003AFB9E /* HTTPClient.swift in Sources */,
				FAE86A9C2A3F963E003AFB9E /* FeedImageDataLoader.swift in Sources */,
				FAE86A5A2A3ECDF7003AFB9E /* LocalFeedImage.swift in Sources */,
				FA79946C2A43C5F200B3E362 /* LoadResourcePresenter.swift in Sources */,
				FAE86A9A2A3F93E4003AFB9E /* FeedImageDataCache.swift in Sources */,
				FAE86A3E2A3EC828003AFB9E /* HTTPURLResponse+StatusCode.swift in Sources */,
				FAE86A4B2A3ECA1B003AFB9E /* ImageCommentsMapper.swift in Sources */,
				FAE86A812A3F8EE9003AFB9E /* CoreDataFeedStore.swift in Sources */,
				FA7994762A43C85000B3E362 /* ResourceErrorView.swift in Sources */,
				FAE86A272A3E8A11003AFB9E /* URLSessionHTTPClient.swift in Sources */,
				FAE86A5E2A3ECEEA003AFB9E /* LocalFeedLoader.swift in Sources */,
				FAE86A982A3F93B7003AFB9E /* LocalFeedImageDataLoader.swift in Sources */,
				FA7994782A43C85E00B3E362 /* ResourceErrorViewModel.swift in Sources */,
				FAE86A752A3F8DE8003AFB9E /* FeedStore.xcdatamodeld in Sources */,
			);
			runOnlyForDeploymentPostprocessing = 0;
		};
		FAE86A032A3E2C40003AFB9E /* Sources */ = {
			isa = PBXSourcesBuildPhase;
			buildActionMask = 2147483647;
			files = (
				FAE86A6F2A3F7633003AFB9E /* ValidateFeedCacheUseCaseTests.swift in Sources */,
				FAE86A332A3E8B14003AFB9E /* SharedTestHelpers.swift in Sources */,
				FAE86A852A3F8F4D003AFB9E /* CoreDataFeedStoreTests.swift in Sources */,
				FAE86A382A3EC5B6003AFB9E /* FeedItemsMapperTests.swift in Sources */,
				FA3C6A6D2A4012E300FF1CFB /* CoreDataFeedImageDataStoreTests.swift in Sources */,
				FAE86A902A3F8FD1003AFB9E /* XCTestCase+FailableDeleteFeedStoreSpecs.swift in Sources */,
				FAE86A6B2A3ED34B003AFB9E /* LoadFeedFromCacheUseCaseTests.swift in Sources */,
				FAE86A4D2A3ECA54003AFB9E /* ImageCommentsMapperTests.swift in Sources */,
				FAE86A2B2A3E8A50003AFB9E /* URLSessionHTTPClientTests.swift in Sources */,
				FAE86AA02A3F9831003AFB9E /* FeedImageDataStoreSpy.swift in Sources */,
				FAE86A9E2A3F9673003AFB9E /* LoadFeedImageDataFromCacheUseCaseTests.swift in Sources */,
				FAE86A8C2A3F8FBE003AFB9E /* XCTestCase+FailableRetrieveFeedStoreSpecs.swift in Sources */,
				FAE86A652A3ECFC5003AFB9E /* FeedCacheTestHelpers.swift in Sources */,
				FAE86A552A3ECC05003AFB9E /* ImageCommentsEndpointTests.swift in Sources */,
				FAE86A472A3EC995003AFB9E /* FeedEndpointTests.swift in Sources */,
				FAE86A2E2A3E8A8D003AFB9E /* URLProtocolStub.swift in Sources */,
				FAE86A8E2A3F8FC7003AFB9E /* XCTestCase+FailableInsertFeedStoreSpecs.swift in Sources */,
				FAE86A432A3EC8B1003AFB9E /* FeedImageDataMapperTests.swift in Sources */,
				FAE86A602A3ECF11003AFB9E /* CacheFeedUseCaseTests.swift in Sources */,
				FA3C6A6B2A400F3D00FF1CFB /* CacheFeedImageDataUseCaseTests.swift in Sources */,
				FAE86A8A2A3F8FB3003AFB9E /* XCTestCase+FeedStoreSpecs.swift in Sources */,
				FAE86A312A3E8AC7003AFB9E /* XCTestCase+MemoryLeakTracking.swift in Sources */,
				FA7994702A43C61D00B3E362 /* LoadResourcePresenterTests.swift in Sources */,
				FAE86A882A3F8F91003AFB9E /* FeedStoreSpecs.swift in Sources */,
				FAE86A632A3ECF58003AFB9E /* FeedStoreSpy.swift in Sources */,
			);
			runOnlyForDeploymentPostprocessing = 0;
		};
/* End PBXSourcesBuildPhase section */

/* Begin PBXTargetDependency section */
		FAE86A0A2A3E2C40003AFB9E /* PBXTargetDependency */ = {
			isa = PBXTargetDependency;
			target = FAE869FE2A3E2C40003AFB9E /* EssentialFeed */;
			targetProxy = FAE86A092A3E2C40003AFB9E /* PBXContainerItemProxy */;
		};
/* End PBXTargetDependency section */

/* Begin XCBuildConfiguration section */
		FAE86A0F2A3E2C40003AFB9E /* Debug */ = {
			isa = XCBuildConfiguration;
			buildSettings = {
				ALWAYS_SEARCH_USER_PATHS = NO;
				CLANG_ANALYZER_NONNULL = YES;
				CLANG_ANALYZER_NUMBER_OBJECT_CONVERSION = YES_AGGRESSIVE;
				CLANG_CXX_LANGUAGE_STANDARD = "gnu++20";
				CLANG_ENABLE_MODULES = YES;
				CLANG_ENABLE_OBJC_ARC = YES;
				CLANG_ENABLE_OBJC_WEAK = YES;
				CLANG_WARN_BLOCK_CAPTURE_AUTORELEASING = YES;
				CLANG_WARN_BOOL_CONVERSION = YES;
				CLANG_WARN_COMMA = YES;
				CLANG_WARN_CONSTANT_CONVERSION = YES;
				CLANG_WARN_DEPRECATED_OBJC_IMPLEMENTATIONS = YES;
				CLANG_WARN_DIRECT_OBJC_ISA_USAGE = YES_ERROR;
				CLANG_WARN_DOCUMENTATION_COMMENTS = YES;
				CLANG_WARN_EMPTY_BODY = YES;
				CLANG_WARN_ENUM_CONVERSION = YES;
				CLANG_WARN_INFINITE_RECURSION = YES;
				CLANG_WARN_INT_CONVERSION = YES;
				CLANG_WARN_NON_LITERAL_NULL_CONVERSION = YES;
				CLANG_WARN_OBJC_IMPLICIT_RETAIN_SELF = YES;
				CLANG_WARN_OBJC_LITERAL_CONVERSION = YES;
				CLANG_WARN_OBJC_ROOT_CLASS = YES_ERROR;
				CLANG_WARN_QUOTED_INCLUDE_IN_FRAMEWORK_HEADER = YES;
				CLANG_WARN_RANGE_LOOP_ANALYSIS = YES;
				CLANG_WARN_STRICT_PROTOTYPES = YES;
				CLANG_WARN_SUSPICIOUS_MOVE = YES;
				CLANG_WARN_UNGUARDED_AVAILABILITY = YES_AGGRESSIVE;
				CLANG_WARN_UNREACHABLE_CODE = YES;
				CLANG_WARN__DUPLICATE_METHOD_MATCH = YES;
				COPY_PHASE_STRIP = NO;
				CURRENT_PROJECT_VERSION = 1;
				DEBUG_INFORMATION_FORMAT = dwarf;
				ENABLE_STRICT_OBJC_MSGSEND = YES;
				ENABLE_TESTABILITY = YES;
				GCC_C_LANGUAGE_STANDARD = gnu11;
				GCC_DYNAMIC_NO_PIC = NO;
				GCC_NO_COMMON_BLOCKS = YES;
				GCC_OPTIMIZATION_LEVEL = 0;
				GCC_PREPROCESSOR_DEFINITIONS = (
					"DEBUG=1",
					"$(inherited)",
				);
				GCC_WARN_64_TO_32_BIT_CONVERSION = YES;
				GCC_WARN_ABOUT_RETURN_TYPE = YES_ERROR;
				GCC_WARN_UNDECLARED_SELECTOR = YES;
				GCC_WARN_UNINITIALIZED_AUTOS = YES_AGGRESSIVE;
				GCC_WARN_UNUSED_FUNCTION = YES;
				GCC_WARN_UNUSED_VARIABLE = YES;
				MTL_ENABLE_DEBUG_INFO = INCLUDE_SOURCE;
				MTL_FAST_MATH = YES;
				ONLY_ACTIVE_ARCH = YES;
				SWIFT_ACTIVE_COMPILATION_CONDITIONS = DEBUG;
				SWIFT_OPTIMIZATION_LEVEL = "-Onone";
				VERSIONING_SYSTEM = "apple-generic";
				VERSION_INFO_PREFIX = "";
			};
			name = Debug;
		};
		FAE86A102A3E2C40003AFB9E /* Release */ = {
			isa = XCBuildConfiguration;
			buildSettings = {
				ALWAYS_SEARCH_USER_PATHS = NO;
				CLANG_ANALYZER_NONNULL = YES;
				CLANG_ANALYZER_NUMBER_OBJECT_CONVERSION = YES_AGGRESSIVE;
				CLANG_CXX_LANGUAGE_STANDARD = "gnu++20";
				CLANG_ENABLE_MODULES = YES;
				CLANG_ENABLE_OBJC_ARC = YES;
				CLANG_ENABLE_OBJC_WEAK = YES;
				CLANG_WARN_BLOCK_CAPTURE_AUTORELEASING = YES;
				CLANG_WARN_BOOL_CONVERSION = YES;
				CLANG_WARN_COMMA = YES;
				CLANG_WARN_CONSTANT_CONVERSION = YES;
				CLANG_WARN_DEPRECATED_OBJC_IMPLEMENTATIONS = YES;
				CLANG_WARN_DIRECT_OBJC_ISA_USAGE = YES_ERROR;
				CLANG_WARN_DOCUMENTATION_COMMENTS = YES;
				CLANG_WARN_EMPTY_BODY = YES;
				CLANG_WARN_ENUM_CONVERSION = YES;
				CLANG_WARN_INFINITE_RECURSION = YES;
				CLANG_WARN_INT_CONVERSION = YES;
				CLANG_WARN_NON_LITERAL_NULL_CONVERSION = YES;
				CLANG_WARN_OBJC_IMPLICIT_RETAIN_SELF = YES;
				CLANG_WARN_OBJC_LITERAL_CONVERSION = YES;
				CLANG_WARN_OBJC_ROOT_CLASS = YES_ERROR;
				CLANG_WARN_QUOTED_INCLUDE_IN_FRAMEWORK_HEADER = YES;
				CLANG_WARN_RANGE_LOOP_ANALYSIS = YES;
				CLANG_WARN_STRICT_PROTOTYPES = YES;
				CLANG_WARN_SUSPICIOUS_MOVE = YES;
				CLANG_WARN_UNGUARDED_AVAILABILITY = YES_AGGRESSIVE;
				CLANG_WARN_UNREACHABLE_CODE = YES;
				CLANG_WARN__DUPLICATE_METHOD_MATCH = YES;
				COPY_PHASE_STRIP = NO;
				CURRENT_PROJECT_VERSION = 1;
				DEBUG_INFORMATION_FORMAT = "dwarf-with-dsym";
				ENABLE_NS_ASSERTIONS = NO;
				ENABLE_STRICT_OBJC_MSGSEND = YES;
				GCC_C_LANGUAGE_STANDARD = gnu11;
				GCC_NO_COMMON_BLOCKS = YES;
				GCC_WARN_64_TO_32_BIT_CONVERSION = YES;
				GCC_WARN_ABOUT_RETURN_TYPE = YES_ERROR;
				GCC_WARN_UNDECLARED_SELECTOR = YES;
				GCC_WARN_UNINITIALIZED_AUTOS = YES_AGGRESSIVE;
				GCC_WARN_UNUSED_FUNCTION = YES;
				GCC_WARN_UNUSED_VARIABLE = YES;
				MTL_ENABLE_DEBUG_INFO = NO;
				MTL_FAST_MATH = YES;
				SWIFT_COMPILATION_MODE = wholemodule;
				SWIFT_OPTIMIZATION_LEVEL = "-O";
				VERSIONING_SYSTEM = "apple-generic";
				VERSION_INFO_PREFIX = "";
			};
			name = Release;
		};
		FAE86A122A3E2C40003AFB9E /* Debug */ = {
			isa = XCBuildConfiguration;
			buildSettings = {
				CLANG_ENABLE_MODULES = YES;
				CODE_SIGN_STYLE = Automatic;
				CURRENT_PROJECT_VERSION = 1;
				DEFINES_MODULE = YES;
				DEVELOPMENT_TEAM = XWAC9ZNNPB;
				DYLIB_COMPATIBILITY_VERSION = 1;
				DYLIB_CURRENT_VERSION = 1;
				DYLIB_INSTALL_NAME_BASE = "@rpath";
				ENABLE_MODULE_VERIFIER = YES;
				GENERATE_INFOPLIST_FILE = YES;
				INFOPLIST_KEY_NSHumanReadableCopyright = "";
				INSTALL_PATH = "$(LOCAL_LIBRARY_DIR)/Frameworks";
				IPHONEOS_DEPLOYMENT_TARGET = 16.4;
				LD_RUNPATH_SEARCH_PATHS = (
					"@executable_path/Frameworks",
					"@loader_path/Frameworks",
				);
				"LD_RUNPATH_SEARCH_PATHS[sdk=macosx*]" = (
					"@executable_path/../Frameworks",
					"@loader_path/Frameworks",
				);
				MACOSX_DEPLOYMENT_TARGET = 13.3;
				MARKETING_VERSION = 1.0;
				MODULE_VERIFIER_SUPPORTED_LANGUAGES = "objective-c objective-c++";
				MODULE_VERIFIER_SUPPORTED_LANGUAGE_STANDARDS = "gnu11 gnu++20";
				PRODUCT_BUNDLE_IDENTIFIER = com.iramml.EssentialFeed;
				PRODUCT_NAME = "$(TARGET_NAME:c99extidentifier)";
				SDKROOT = auto;
				SKIP_INSTALL = YES;
				SUPPORTED_PLATFORMS = "iphoneos iphonesimulator macosx";
				SWIFT_EMIT_LOC_STRINGS = YES;
				SWIFT_OPTIMIZATION_LEVEL = "-Onone";
				SWIFT_VERSION = 5.0;
				TARGETED_DEVICE_FAMILY = "1,2";
			};
			name = Debug;
		};
		FAE86A132A3E2C40003AFB9E /* Release */ = {
			isa = XCBuildConfiguration;
			buildSettings = {
				CLANG_ENABLE_MODULES = YES;
				CODE_SIGN_STYLE = Automatic;
				CURRENT_PROJECT_VERSION = 1;
				DEFINES_MODULE = YES;
				DEVELOPMENT_TEAM = XWAC9ZNNPB;
				DYLIB_COMPATIBILITY_VERSION = 1;
				DYLIB_CURRENT_VERSION = 1;
				DYLIB_INSTALL_NAME_BASE = "@rpath";
				ENABLE_MODULE_VERIFIER = YES;
				GENERATE_INFOPLIST_FILE = YES;
				INFOPLIST_KEY_NSHumanReadableCopyright = "";
				INSTALL_PATH = "$(LOCAL_LIBRARY_DIR)/Frameworks";
				IPHONEOS_DEPLOYMENT_TARGET = 16.4;
				LD_RUNPATH_SEARCH_PATHS = (
					"@executable_path/Frameworks",
					"@loader_path/Frameworks",
				);
				"LD_RUNPATH_SEARCH_PATHS[sdk=macosx*]" = (
					"@executable_path/../Frameworks",
					"@loader_path/Frameworks",
				);
				MACOSX_DEPLOYMENT_TARGET = 13.3;
				MARKETING_VERSION = 1.0;
				MODULE_VERIFIER_SUPPORTED_LANGUAGES = "objective-c objective-c++";
				MODULE_VERIFIER_SUPPORTED_LANGUAGE_STANDARDS = "gnu11 gnu++20";
				PRODUCT_BUNDLE_IDENTIFIER = com.iramml.EssentialFeed;
				PRODUCT_NAME = "$(TARGET_NAME:c99extidentifier)";
				SDKROOT = auto;
				SKIP_INSTALL = YES;
				SUPPORTED_PLATFORMS = "iphoneos iphonesimulator macosx";
				SWIFT_EMIT_LOC_STRINGS = YES;
				SWIFT_VERSION = 5.0;
				TARGETED_DEVICE_FAMILY = "1,2";
			};
			name = Release;
		};
		FAE86A152A3E2C40003AFB9E /* Debug */ = {
			isa = XCBuildConfiguration;
			buildSettings = {
				ALWAYS_EMBED_SWIFT_STANDARD_LIBRARIES = YES;
				CODE_SIGN_STYLE = Automatic;
				CURRENT_PROJECT_VERSION = 1;
				DEVELOPMENT_TEAM = XWAC9ZNNPB;
				GENERATE_INFOPLIST_FILE = YES;
				IPHONEOS_DEPLOYMENT_TARGET = 16.4;
				MACOSX_DEPLOYMENT_TARGET = 13.3;
				MARKETING_VERSION = 1.0;
				PRODUCT_BUNDLE_IDENTIFIER = com.iramml.EssentialFeedTests;
				PRODUCT_NAME = "$(TARGET_NAME)";
				SDKROOT = auto;
				SUPPORTED_PLATFORMS = "iphoneos iphonesimulator macosx";
				SWIFT_EMIT_LOC_STRINGS = NO;
				SWIFT_VERSION = 5.0;
				TARGETED_DEVICE_FAMILY = "1,2";
			};
			name = Debug;
		};
		FAE86A162A3E2C40003AFB9E /* Release */ = {
			isa = XCBuildConfiguration;
			buildSettings = {
				ALWAYS_EMBED_SWIFT_STANDARD_LIBRARIES = YES;
				CODE_SIGN_STYLE = Automatic;
				CURRENT_PROJECT_VERSION = 1;
				DEVELOPMENT_TEAM = XWAC9ZNNPB;
				GENERATE_INFOPLIST_FILE = YES;
				IPHONEOS_DEPLOYMENT_TARGET = 16.4;
				MACOSX_DEPLOYMENT_TARGET = 13.3;
				MARKETING_VERSION = 1.0;
				PRODUCT_BUNDLE_IDENTIFIER = com.iramml.EssentialFeedTests;
				PRODUCT_NAME = "$(TARGET_NAME)";
				SDKROOT = auto;
				SUPPORTED_PLATFORMS = "iphoneos iphonesimulator macosx";
				SWIFT_EMIT_LOC_STRINGS = NO;
				SWIFT_VERSION = 5.0;
				TARGETED_DEVICE_FAMILY = "1,2";
			};
			name = Release;
		};
/* End XCBuildConfiguration section */

/* Begin XCConfigurationList section */
		FAE869F92A3E2C40003AFB9E /* Build configuration list for PBXProject "EssentialFeed" */ = {
			isa = XCConfigurationList;
			buildConfigurations = (
				FAE86A0F2A3E2C40003AFB9E /* Debug */,
				FAE86A102A3E2C40003AFB9E /* Release */,
			);
			defaultConfigurationIsVisible = 0;
			defaultConfigurationName = Release;
		};
		FAE86A112A3E2C40003AFB9E /* Build configuration list for PBXNativeTarget "EssentialFeed" */ = {
			isa = XCConfigurationList;
			buildConfigurations = (
				FAE86A122A3E2C40003AFB9E /* Debug */,
				FAE86A132A3E2C40003AFB9E /* Release */,
			);
			defaultConfigurationIsVisible = 0;
			defaultConfigurationName = Release;
		};
		FAE86A142A3E2C40003AFB9E /* Build configuration list for PBXNativeTarget "EssentialFeedTests" */ = {
			isa = XCConfigurationList;
			buildConfigurations = (
				FAE86A152A3E2C40003AFB9E /* Debug */,
				FAE86A162A3E2C40003AFB9E /* Release */,
			);
			defaultConfigurationIsVisible = 0;
			defaultConfigurationName = Release;
		};
/* End XCConfigurationList section */

/* Begin XCVersionGroup section */
		FAE86A722A3F8DE8003AFB9E /* FeedStore.xcdatamodeld */ = {
			isa = XCVersionGroup;
			children = (
				FAE86A732A3F8DE8003AFB9E /* FeedStore2.xcdatamodel */,
				FAE86A742A3F8DE8003AFB9E /* FeedStore.xcdatamodel */,
			);
			currentVersion = FAE86A732A3F8DE8003AFB9E /* FeedStore2.xcdatamodel */;
			path = FeedStore.xcdatamodeld;
			sourceTree = "<group>";
			versionGroupType = wrapper.xcdatamodel;
		};
/* End XCVersionGroup section */
	};
	rootObject = FAE869F62A3E2C40003AFB9E /* Project object */;
}
