// !$*UTF8*$!
{
	archiveVersion = 1;
	classes = {
	};
	objectVersion = 56;
	objects = {

/* Begin PBXBuildFile section */
		FA1775CE2A451C5A00F6338C /* SceneDelegateTests.swift in Sources */ = {isa = PBXBuildFile; fileRef = FA1775CD2A451C5A00F6338C /* SceneDelegateTests.swift */; };
		FA1775D02A451FC100F6338C /* FeedUIComposer.swift in Sources */ = {isa = PBXBuildFile; fileRef = FA1775CF2A451FC100F6338C /* FeedUIComposer.swift */; };
		FA1775D22A451FD800F6338C /* LoadResourcePresentationAdapter.swift in Sources */ = {isa = PBXBuildFile; fileRef = FA1775D12A451FD800F6338C /* LoadResourcePresentationAdapter.swift */; };
		FA1775D42A451FFE00F6338C /* CombineHelpers.swift in Sources */ = {isa = PBXBuildFile; fileRef = FA1775D32A451FFE00F6338C /* CombineHelpers.swift */; };
		FA1775D62A45203B00F6338C /* FeedViewAdapter.swift in Sources */ = {isa = PBXBuildFile; fileRef = FA1775D52A45203B00F6338C /* FeedViewAdapter.swift */; };
		FA1775D92A45205A00F6338C /* WeakRefVirtualProxy.swift in Sources */ = {isa = PBXBuildFile; fileRef = FA1775D82A45205A00F6338C /* WeakRefVirtualProxy.swift */; };
		FA1775DD2A45247800F6338C /* FeedAcceptanceTests.swift in Sources */ = {isa = PBXBuildFile; fileRef = FA1775DC2A45247800F6338C /* FeedAcceptanceTests.swift */; };
		FA1775E02A4524C600F6338C /* ListViewController+TestHelpers.swift in Sources */ = {isa = PBXBuildFile; fileRef = FA1775DF2A4524C600F6338C /* ListViewController+TestHelpers.swift */; };
		FA1775E22A4524E500F6338C /* UIRefreshControl+TestHelpers.swift in Sources */ = {isa = PBXBuildFile; fileRef = FA1775E12A4524E500F6338C /* UIRefreshControl+TestHelpers.swift */; };
		FA1775E42A45250A00F6338C /* UIButton+TestHelpers.swift in Sources */ = {isa = PBXBuildFile; fileRef = FA1775E32A45250A00F6338C /* UIButton+TestHelpers.swift */; };
		FA1775E62A45252600F6338C /* UIControl+TestHelpers.swift in Sources */ = {isa = PBXBuildFile; fileRef = FA1775E52A45252600F6338C /* UIControl+TestHelpers.swift */; };
		FA1775E82A45254D00F6338C /* HTTPClientStub.swift in Sources */ = {isa = PBXBuildFile; fileRef = FA1775E72A45254D00F6338C /* HTTPClientStub.swift */; };
		FA1775EA2A45257500F6338C /* InMemoryFeedStore.swift in Sources */ = {isa = PBXBuildFile; fileRef = FA1775E92A45257500F6338C /* InMemoryFeedStore.swift */; };
		FA1775EC2A4525EB00F6338C /* FeedImageCell+TestHelpers.swift in Sources */ = {isa = PBXBuildFile; fileRef = FA1775EB2A4525EB00F6338C /* FeedImageCell+TestHelpers.swift */; };
		FA1775EE2A45269200F6338C /* UIImage+TestHelpers.swift in Sources */ = {isa = PBXBuildFile; fileRef = FA1775ED2A45269200F6338C /* UIImage+TestHelpers.swift */; };
		FA1775F02A45640400F6338C /* FeedUIIntegrationTests.swift in Sources */ = {isa = PBXBuildFile; fileRef = FA1775EF2A45640400F6338C /* FeedUIIntegrationTests.swift */; };
		FA1775F22A45644700F6338C /* SharedTestHelpers.swift in Sources */ = {isa = PBXBuildFile; fileRef = FA1775F12A45644700F6338C /* SharedTestHelpers.swift */; };
		FA1775F42A45646E00F6338C /* XCTestCase+MemoryLeakTracking.swift in Sources */ = {isa = PBXBuildFile; fileRef = FA1775F32A45646E00F6338C /* XCTestCase+MemoryLeakTracking.swift */; };
		FA1775F62A4564C100F6338C /* FeedUIIntegrationTests+LoaderSpy.swift in Sources */ = {isa = PBXBuildFile; fileRef = FA1775F52A4564C100F6338C /* FeedUIIntegrationTests+LoaderSpy.swift */; };
		FA1775F82A4566D100F6338C /* FeedUIIntegrationTests+Assertions.swift in Sources */ = {isa = PBXBuildFile; fileRef = FA1775F72A4566D100F6338C /* FeedUIIntegrationTests+Assertions.swift */; };
		FA1775FA2A4566F900F6338C /* UIView+TestHelpers.swift in Sources */ = {isa = PBXBuildFile; fileRef = FA1775F92A4566F900F6338C /* UIView+TestHelpers.swift */; };
		FA44932A2A441F0D00287065 /* AppDelegate.swift in Sources */ = {isa = PBXBuildFile; fileRef = FA4493292A441F0D00287065 /* AppDelegate.swift */; };
		FA44932C2A441F0D00287065 /* SceneDelegate.swift in Sources */ = {isa = PBXBuildFile; fileRef = FA44932B2A441F0D00287065 /* SceneDelegate.swift */; };
		FA4493332A441F0F00287065 /* Assets.xcassets in Resources */ = {isa = PBXBuildFile; fileRef = FA4493322A441F0F00287065 /* Assets.xcassets */; };
		FA4493362A441F0F00287065 /* LaunchScreen.storyboard in Resources */ = {isa = PBXBuildFile; fileRef = FA4493342A441F0F00287065 /* LaunchScreen.storyboard */; };
		FA9066CB2A456A24000B4F24 /* ImageCommentsUIIntegrationTests.swift in Sources */ = {isa = PBXBuildFile; fileRef = FA9066CA2A456A24000B4F24 /* ImageCommentsUIIntegrationTests.swift */; };
		FA9066CD2A456A51000B4F24 /* ImageCommentsUIIntegrationTests+LoaderSpy.swift in Sources */ = {isa = PBXBuildFile; fileRef = FA9066CC2A456A51000B4F24 /* ImageCommentsUIIntegrationTests+LoaderSpy.swift */; };
		FA9066CF2A456AA5000B4F24 /* CommentsUIComposer.swift in Sources */ = {isa = PBXBuildFile; fileRef = FA9066CE2A456AA5000B4F24 /* CommentsUIComposer.swift */; };
		FA9066D32A456B9C000B4F24 /* CommentsViewAdapter.swift in Sources */ = {isa = PBXBuildFile; fileRef = FA9066D22A456B9C000B4F24 /* CommentsViewAdapter.swift */; };
/* End PBXBuildFile section */

/* Begin PBXContainerItemProxy section */
		FA44933D2A441F0F00287065 /* PBXContainerItemProxy */ = {
			isa = PBXContainerItemProxy;
			containerPortal = FA44931E2A441F0D00287065 /* Project object */;
			proxyType = 1;
			remoteGlobalIDString = FA4493252A441F0D00287065;
			remoteInfo = EssentialApp;
		};
/* End PBXContainerItemProxy section */

/* Begin PBXFileReference section */
		FA1775CD2A451C5A00F6338C /* SceneDelegateTests.swift */ = {isa = PBXFileReference; lastKnownFileType = sourcecode.swift; path = SceneDelegateTests.swift; sourceTree = "<group>"; };
		FA1775CF2A451FC100F6338C /* FeedUIComposer.swift */ = {isa = PBXFileReference; lastKnownFileType = sourcecode.swift; path = FeedUIComposer.swift; sourceTree = "<group>"; };
		FA1775D12A451FD800F6338C /* LoadResourcePresentationAdapter.swift */ = {isa = PBXFileReference; lastKnownFileType = sourcecode.swift; path = LoadResourcePresentationAdapter.swift; sourceTree = "<group>"; };
		FA1775D32A451FFE00F6338C /* CombineHelpers.swift */ = {isa = PBXFileReference; lastKnownFileType = sourcecode.swift; path = CombineHelpers.swift; sourceTree = "<group>"; };
		FA1775D52A45203B00F6338C /* FeedViewAdapter.swift */ = {isa = PBXFileReference; lastKnownFileType = sourcecode.swift; path = FeedViewAdapter.swift; sourceTree = "<group>"; };
		FA1775D82A45205A00F6338C /* WeakRefVirtualProxy.swift */ = {isa = PBXFileReference; lastKnownFileType = sourcecode.swift; path = WeakRefVirtualProxy.swift; sourceTree = "<group>"; };
		FA1775DC2A45247800F6338C /* FeedAcceptanceTests.swift */ = {isa = PBXFileReference; lastKnownFileType = sourcecode.swift; path = FeedAcceptanceTests.swift; sourceTree = "<group>"; };
		FA1775DF2A4524C600F6338C /* ListViewController+TestHelpers.swift */ = {isa = PBXFileReference; lastKnownFileType = sourcecode.swift; path = "ListViewController+TestHelpers.swift"; sourceTree = "<group>"; };
		FA1775E12A4524E500F6338C /* UIRefreshControl+TestHelpers.swift */ = {isa = PBXFileReference; lastKnownFileType = sourcecode.swift; path = "UIRefreshControl+TestHelpers.swift"; sourceTree = "<group>"; };
		FA1775E32A45250A00F6338C /* UIButton+TestHelpers.swift */ = {isa = PBXFileReference; lastKnownFileType = sourcecode.swift; path = "UIButton+TestHelpers.swift"; sourceTree = "<group>"; };
		FA1775E52A45252600F6338C /* UIControl+TestHelpers.swift */ = {isa = PBXFileReference; lastKnownFileType = sourcecode.swift; path = "UIControl+TestHelpers.swift"; sourceTree = "<group>"; };
		FA1775E72A45254D00F6338C /* HTTPClientStub.swift */ = {isa = PBXFileReference; lastKnownFileType = sourcecode.swift; path = HTTPClientStub.swift; sourceTree = "<group>"; };
		FA1775E92A45257500F6338C /* InMemoryFeedStore.swift */ = {isa = PBXFileReference; lastKnownFileType = sourcecode.swift; path = InMemoryFeedStore.swift; sourceTree = "<group>"; };
		FA1775EB2A4525EB00F6338C /* FeedImageCell+TestHelpers.swift */ = {isa = PBXFileReference; lastKnownFileType = sourcecode.swift; path = "FeedImageCell+TestHelpers.swift"; sourceTree = "<group>"; };
		FA1775ED2A45269200F6338C /* UIImage+TestHelpers.swift */ = {isa = PBXFileReference; lastKnownFileType = sourcecode.swift; path = "UIImage+TestHelpers.swift"; sourceTree = "<group>"; };
		FA1775EF2A45640400F6338C /* FeedUIIntegrationTests.swift */ = {isa = PBXFileReference; lastKnownFileType = sourcecode.swift; path = FeedUIIntegrationTests.swift; sourceTree = "<group>"; };
		FA1775F12A45644700F6338C /* SharedTestHelpers.swift */ = {isa = PBXFileReference; lastKnownFileType = sourcecode.swift; path = SharedTestHelpers.swift; sourceTree = "<group>"; };
		FA1775F32A45646E00F6338C /* XCTestCase+MemoryLeakTracking.swift */ = {isa = PBXFileReference; lastKnownFileType = sourcecode.swift; path = "XCTestCase+MemoryLeakTracking.swift"; sourceTree = "<group>"; };
		FA1775F52A4564C100F6338C /* FeedUIIntegrationTests+LoaderSpy.swift */ = {isa = PBXFileReference; lastKnownFileType = sourcecode.swift; path = "FeedUIIntegrationTests+LoaderSpy.swift"; sourceTree = "<group>"; };
		FA1775F72A4566D100F6338C /* FeedUIIntegrationTests+Assertions.swift */ = {isa = PBXFileReference; lastKnownFileType = sourcecode.swift; path = "FeedUIIntegrationTests+Assertions.swift"; sourceTree = "<group>"; };
		FA1775F92A4566F900F6338C /* UIView+TestHelpers.swift */ = {isa = PBXFileReference; lastKnownFileType = sourcecode.swift; path = "UIView+TestHelpers.swift"; sourceTree = "<group>"; };
		FA4493262A441F0D00287065 /* EssentialApp.app */ = {isa = PBXFileReference; explicitFileType = wrapper.application; includeInIndex = 0; path = EssentialApp.app; sourceTree = BUILT_PRODUCTS_DIR; };
		FA4493292A441F0D00287065 /* AppDelegate.swift */ = {isa = PBXFileReference; lastKnownFileType = sourcecode.swift; path = AppDelegate.swift; sourceTree = "<group>"; };
		FA44932B2A441F0D00287065 /* SceneDelegate.swift */ = {isa = PBXFileReference; lastKnownFileType = sourcecode.swift; path = SceneDelegate.swift; sourceTree = "<group>"; };
		FA4493322A441F0F00287065 /* Assets.xcassets */ = {isa = PBXFileReference; lastKnownFileType = folder.assetcatalog; path = Assets.xcassets; sourceTree = "<group>"; };
		FA4493352A441F0F00287065 /* Base */ = {isa = PBXFileReference; lastKnownFileType = file.storyboard; name = Base; path = Base.lproj/LaunchScreen.storyboard; sourceTree = "<group>"; };
		FA4493372A441F0F00287065 /* Info.plist */ = {isa = PBXFileReference; lastKnownFileType = text.plist.xml; path = Info.plist; sourceTree = "<group>"; };
		FA44933C2A441F0F00287065 /* EssentialAppTests.xctest */ = {isa = PBXFileReference; explicitFileType = wrapper.cfbundle; includeInIndex = 0; path = EssentialAppTests.xctest; sourceTree = BUILT_PRODUCTS_DIR; };
		FA9066CA2A456A24000B4F24 /* ImageCommentsUIIntegrationTests.swift */ = {isa = PBXFileReference; lastKnownFileType = sourcecode.swift; path = ImageCommentsUIIntegrationTests.swift; sourceTree = "<group>"; };
		FA9066CC2A456A51000B4F24 /* ImageCommentsUIIntegrationTests+LoaderSpy.swift */ = {isa = PBXFileReference; lastKnownFileType = sourcecode.swift; path = "ImageCommentsUIIntegrationTests+LoaderSpy.swift"; sourceTree = "<group>"; };
		FA9066CE2A456AA5000B4F24 /* CommentsUIComposer.swift */ = {isa = PBXFileReference; lastKnownFileType = sourcecode.swift; path = CommentsUIComposer.swift; sourceTree = "<group>"; };
		FA9066D22A456B9C000B4F24 /* CommentsViewAdapter.swift */ = {isa = PBXFileReference; lastKnownFileType = sourcecode.swift; path = CommentsViewAdapter.swift; sourceTree = "<group>"; };
/* End PBXFileReference section */

/* Begin PBXFrameworksBuildPhase section */
		FA4493232A441F0D00287065 /* Frameworks */ = {
			isa = PBXFrameworksBuildPhase;
			buildActionMask = 2147483647;
			files = (
			);
			runOnlyForDeploymentPostprocessing = 0;
		};
		FA4493392A441F0F00287065 /* Frameworks */ = {
			isa = PBXFrameworksBuildPhase;
			buildActionMask = 2147483647;
			files = (
			);
			runOnlyForDeploymentPostprocessing = 0;
		};
/* End PBXFrameworksBuildPhase section */

/* Begin PBXGroup section */
		FA1775DE2A4524B200F6338C /* Helpers */ = {
			isa = PBXGroup;
			children = (
				FA1775ED2A45269200F6338C /* UIImage+TestHelpers.swift */,
				FA1775E12A4524E500F6338C /* UIRefreshControl+TestHelpers.swift */,
				FA1775E32A45250A00F6338C /* UIButton+TestHelpers.swift */,
				FA1775E52A45252600F6338C /* UIControl+TestHelpers.swift */,
				FA1775F92A4566F900F6338C /* UIView+TestHelpers.swift */,
				FA1775EB2A4525EB00F6338C /* FeedImageCell+TestHelpers.swift */,
				FA1775F52A4564C100F6338C /* FeedUIIntegrationTests+LoaderSpy.swift */,
				FA9066CC2A456A51000B4F24 /* ImageCommentsUIIntegrationTests+LoaderSpy.swift */,
				FA1775DF2A4524C600F6338C /* ListViewController+TestHelpers.swift */,
				FA1775F72A4566D100F6338C /* FeedUIIntegrationTests+Assertions.swift */,
				FA1775F32A45646E00F6338C /* XCTestCase+MemoryLeakTracking.swift */,
				FA1775F12A45644700F6338C /* SharedTestHelpers.swift */,
				FA1775E72A45254D00F6338C /* HTTPClientStub.swift */,
				FA1775E92A45257500F6338C /* InMemoryFeedStore.swift */,
			);
			path = Helpers;
			sourceTree = "<group>";
		};
		FA44931D2A441F0D00287065 = {
			isa = PBXGroup;
			children = (
				FA4493282A441F0D00287065 /* EssentialApp */,
				FA44933F2A441F0F00287065 /* EssentialAppTests */,
				FA4493272A441F0D00287065 /* Products */,
			);
			sourceTree = "<group>";
		};
		FA4493272A441F0D00287065 /* Products */ = {
			isa = PBXGroup;
			children = (
				FA4493262A441F0D00287065 /* EssentialApp.app */,
				FA44933C2A441F0F00287065 /* EssentialAppTests.xctest */,
			);
			name = Products;
			sourceTree = "<group>";
		};
		FA4493282A441F0D00287065 /* EssentialApp */ = {
			isa = PBXGroup;
			children = (
				FA4493292A441F0D00287065 /* AppDelegate.swift */,
				FA44932B2A441F0D00287065 /* SceneDelegate.swift */,
				FA1775D32A451FFE00F6338C /* CombineHelpers.swift */,
				FA1775CF2A451FC100F6338C /* FeedUIComposer.swift */,
				FA1775D82A45205A00F6338C /* WeakRefVirtualProxy.swift */,
				FA1775D12A451FD800F6338C /* LoadResourcePresentationAdapter.swift */,
				FA1775D52A45203B00F6338C /* FeedViewAdapter.swift */,
				FA9066CE2A456AA5000B4F24 /* CommentsUIComposer.swift */,
				FA9066D22A456B9C000B4F24 /* CommentsViewAdapter.swift */,
				FA4493372A441F0F00287065 /* Info.plist */,
				FA4493322A441F0F00287065 /* Assets.xcassets */,
				FA4493342A441F0F00287065 /* LaunchScreen.storyboard */,
			);
			path = EssentialApp;
			sourceTree = "<group>";
		};
		FA44933F2A441F0F00287065 /* EssentialAppTests */ = {
			isa = PBXGroup;
			children = (
				FA1775DE2A4524B200F6338C /* Helpers */,
				FA1775CD2A451C5A00F6338C /* SceneDelegateTests.swift */,
				FA1775DC2A45247800F6338C /* FeedAcceptanceTests.swift */,
				FA1775EF2A45640400F6338C /* FeedUIIntegrationTests.swift */,
				FA9066CA2A456A24000B4F24 /* ImageCommentsUIIntegrationTests.swift */,
			);
			path = EssentialAppTests;
			sourceTree = "<group>";
		};
/* End PBXGroup section */

/* Begin PBXNativeTarget section */
		FA4493252A441F0D00287065 /* EssentialApp */ = {
			isa = PBXNativeTarget;
			buildConfigurationList = FA4493502A441F0F00287065 /* Build configuration list for PBXNativeTarget "EssentialApp" */;
			buildPhases = (
				FA4493222A441F0D00287065 /* Sources */,
				FA4493232A441F0D00287065 /* Frameworks */,
				FA4493242A441F0D00287065 /* Resources */,
			);
			buildRules = (
			);
			dependencies = (
			);
			name = EssentialApp;
			productName = EssentialApp;
			productReference = FA4493262A441F0D00287065 /* EssentialApp.app */;
			productType = "com.apple.product-type.application";
		};
		FA44933B2A441F0F00287065 /* EssentialAppTests */ = {
			isa = PBXNativeTarget;
			buildConfigurationList = FA4493532A441F0F00287065 /* Build configuration list for PBXNativeTarget "EssentialAppTests" */;
			buildPhases = (
				FA4493382A441F0F00287065 /* Sources */,
				FA4493392A441F0F00287065 /* Frameworks */,
				FA44933A2A441F0F00287065 /* Resources */,
			);
			buildRules = (
			);
			dependencies = (
				FA44933E2A441F0F00287065 /* PBXTargetDependency */,
			);
			name = EssentialAppTests;
			productName = EssentialAppTests;
			productReference = FA44933C2A441F0F00287065 /* EssentialAppTests.xctest */;
			productType = "com.apple.product-type.bundle.unit-test";
		};
/* End PBXNativeTarget section */

/* Begin PBXProject section */
		FA44931E2A441F0D00287065 /* Project object */ = {
			isa = PBXProject;
			attributes = {
				BuildIndependentTargetsInParallel = 1;
				LastSwiftUpdateCheck = 1430;
				LastUpgradeCheck = 1430;
				TargetAttributes = {
					FA4493252A441F0D00287065 = {
						CreatedOnToolsVersion = 14.3.1;
					};
					FA44933B2A441F0F00287065 = {
						CreatedOnToolsVersion = 14.3.1;
						TestTargetID = FA4493252A441F0D00287065;
					};
				};
			};
			buildConfigurationList = FA4493212A441F0D00287065 /* Build configuration list for PBXProject "EssentialApp" */;
			compatibilityVersion = "Xcode 14.0";
			developmentRegion = en;
			hasScannedForEncodings = 0;
			knownRegions = (
				en,
				Base,
			);
			mainGroup = FA44931D2A441F0D00287065;
			productRefGroup = FA4493272A441F0D00287065 /* Products */;
			projectDirPath = "";
			projectRoot = "";
			targets = (
				FA4493252A441F0D00287065 /* EssentialApp */,
				FA44933B2A441F0F00287065 /* EssentialAppTests */,
			);
		};
/* End PBXProject section */

/* Begin PBXResourcesBuildPhase section */
		FA4493242A441F0D00287065 /* Resources */ = {
			isa = PBXResourcesBuildPhase;
			buildActionMask = 2147483647;
			files = (
				FA4493362A441F0F00287065 /* LaunchScreen.storyboard in Resources */,
				FA4493332A441F0F00287065 /* Assets.xcassets in Resources */,
			);
			runOnlyForDeploymentPostprocessing = 0;
		};
		FA44933A2A441F0F00287065 /* Resources */ = {
			isa = PBXResourcesBuildPhase;
			buildActionMask = 2147483647;
			files = (
			);
			runOnlyForDeploymentPostprocessing = 0;
		};
/* End PBXResourcesBuildPhase section */

/* Begin PBXSourcesBuildPhase section */
		FA4493222A441F0D00287065 /* Sources */ = {
			isa = PBXSourcesBuildPhase;
			buildActionMask = 2147483647;
			files = (
				FA44932A2A441F0D00287065 /* AppDelegate.swift in Sources */,
				FA1775D22A451FD800F6338C /* LoadResourcePresentationAdapter.swift in Sources */,
				FA1775D02A451FC100F6338C /* FeedUIComposer.swift in Sources */,
				FA9066D32A456B9C000B4F24 /* CommentsViewAdapter.swift in Sources */,
				FA1775D42A451FFE00F6338C /* CombineHelpers.swift in Sources */,
				FA1775D62A45203B00F6338C /* FeedViewAdapter.swift in Sources */,
				FA1775D92A45205A00F6338C /* WeakRefVirtualProxy.swift in Sources */,
				FA44932C2A441F0D00287065 /* SceneDelegate.swift in Sources */,
				FA9066CF2A456AA5000B4F24 /* CommentsUIComposer.swift in Sources */,
			);
			runOnlyForDeploymentPostprocessing = 0;
		};
		FA4493382A441F0F00287065 /* Sources */ = {
			isa = PBXSourcesBuildPhase;
			buildActionMask = 2147483647;
			files = (
				FA1775F62A4564C100F6338C /* FeedUIIntegrationTests+LoaderSpy.swift in Sources */,
				FA1775E02A4524C600F6338C /* ListViewController+TestHelpers.swift in Sources */,
				FA1775E42A45250A00F6338C /* UIButton+TestHelpers.swift in Sources */,
				FA1775E22A4524E500F6338C /* UIRefreshControl+TestHelpers.swift in Sources */,
				FA1775F82A4566D100F6338C /* FeedUIIntegrationTests+Assertions.swift in Sources */,
				FA1775EE2A45269200F6338C /* UIImage+TestHelpers.swift in Sources */,
				FA1775EA2A45257500F6338C /* InMemoryFeedStore.swift in Sources */,
				FA1775F42A45646E00F6338C /* XCTestCase+MemoryLeakTracking.swift in Sources */,
				FA1775E62A45252600F6338C /* UIControl+TestHelpers.swift in Sources */,
				FA1775DD2A45247800F6338C /* FeedAcceptanceTests.swift in Sources */,
				FA9066CD2A456A51000B4F24 /* ImageCommentsUIIntegrationTests+LoaderSpy.swift in Sources */,
				FA1775FA2A4566F900F6338C /* UIView+TestHelpers.swift in Sources */,
				FA9066CB2A456A24000B4F24 /* ImageCommentsUIIntegrationTests.swift in Sources */,
				FA1775CE2A451C5A00F6338C /* SceneDelegateTests.swift in Sources */,
				FA1775F22A45644700F6338C /* SharedTestHelpers.swift in Sources */,
				FA1775F02A45640400F6338C /* FeedUIIntegrationTests.swift in Sources */,
				FA1775EC2A4525EB00F6338C /* FeedImageCell+TestHelpers.swift in Sources */,
				FA1775E82A45254D00F6338C /* HTTPClientStub.swift in Sources */,
			);
			runOnlyForDeploymentPostprocessing = 0;
		};
/* End PBXSourcesBuildPhase section */

/* Begin PBXTargetDependency section */
		FA44933E2A441F0F00287065 /* PBXTargetDependency */ = {
			isa = PBXTargetDependency;
			target = FA4493252A441F0D00287065 /* EssentialApp */;
			targetProxy = FA44933D2A441F0F00287065 /* PBXContainerItemProxy */;
		};
/* End PBXTargetDependency section */

/* Begin PBXVariantGroup section */
		FA4493342A441F0F00287065 /* LaunchScreen.storyboard */ = {
			isa = PBXVariantGroup;
			children = (
				FA4493352A441F0F00287065 /* Base */,
			);
			name = LaunchScreen.storyboard;
			sourceTree = "<group>";
		};
/* End PBXVariantGroup section */

/* Begin XCBuildConfiguration section */
		FA44934E2A441F0F00287065 /* Debug */ = {
			isa = XCBuildConfiguration;
			buildSettings = {
				ALWAYS_SEARCH_USER_PATHS = NO;
				CLANG_ANALYZER_NONNULL = YES;
				CLANG_ANALYZER_NUMBER_OBJECT_CONVERSION = YES_AGGRESSIVE;
				CLANG_CXX_LANGUAGE_STANDARD = "gnu++20";
				CLANG_ENABLE_MODULES = YES;
				CLANG_ENABLE_OBJC_ARC = YES;
				CLANG_ENABLE_OBJC_WEAK = YES;
				CLANG_WARN_BLOCK_CAPTURE_AUTORELEASING = YES;
				CLANG_WARN_BOOL_CONVERSION = YES;
				CLANG_WARN_COMMA = YES;
				CLANG_WARN_CONSTANT_CONVERSION = YES;
				CLANG_WARN_DEPRECATED_OBJC_IMPLEMENTATIONS = YES;
				CLANG_WARN_DIRECT_OBJC_ISA_USAGE = YES_ERROR;
				CLANG_WARN_DOCUMENTATION_COMMENTS = YES;
				CLANG_WARN_EMPTY_BODY = YES;
				CLANG_WARN_ENUM_CONVERSION = YES;
				CLANG_WARN_INFINITE_RECURSION = YES;
				CLANG_WARN_INT_CONVERSION = YES;
				CLANG_WARN_NON_LITERAL_NULL_CONVERSION = YES;
				CLANG_WARN_OBJC_IMPLICIT_RETAIN_SELF = YES;
				CLANG_WARN_OBJC_LITERAL_CONVERSION = YES;
				CLANG_WARN_OBJC_ROOT_CLASS = YES_ERROR;
				CLANG_WARN_QUOTED_INCLUDE_IN_FRAMEWORK_HEADER = YES;
				CLANG_WARN_RANGE_LOOP_ANALYSIS = YES;
				CLANG_WARN_STRICT_PROTOTYPES = YES;
				CLANG_WARN_SUSPICIOUS_MOVE = YES;
				CLANG_WARN_UNGUARDED_AVAILABILITY = YES_AGGRESSIVE;
				CLANG_WARN_UNREACHABLE_CODE = YES;
				CLANG_WARN__DUPLICATE_METHOD_MATCH = YES;
				COPY_PHASE_STRIP = NO;
				DEBUG_INFORMATION_FORMAT = dwarf;
				ENABLE_STRICT_OBJC_MSGSEND = YES;
				ENABLE_TESTABILITY = YES;
				GCC_C_LANGUAGE_STANDARD = gnu11;
				GCC_DYNAMIC_NO_PIC = NO;
				GCC_NO_COMMON_BLOCKS = YES;
				GCC_OPTIMIZATION_LEVEL = 0;
				GCC_PREPROCESSOR_DEFINITIONS = (
					"DEBUG=1",
					"$(inherited)",
				);
				GCC_WARN_64_TO_32_BIT_CONVERSION = YES;
				GCC_WARN_ABOUT_RETURN_TYPE = YES_ERROR;
				GCC_WARN_UNDECLARED_SELECTOR = YES;
				GCC_WARN_UNINITIALIZED_AUTOS = YES_AGGRESSIVE;
				GCC_WARN_UNUSED_FUNCTION = YES;
				GCC_WARN_UNUSED_VARIABLE = YES;
				IPHONEOS_DEPLOYMENT_TARGET = 16.4;
				MTL_ENABLE_DEBUG_INFO = INCLUDE_SOURCE;
				MTL_FAST_MATH = YES;
				ONLY_ACTIVE_ARCH = YES;
				SDKROOT = iphoneos;
				SWIFT_ACTIVE_COMPILATION_CONDITIONS = DEBUG;
				SWIFT_OPTIMIZATION_LEVEL = "-Onone";
			};
			name = Debug;
		};
		FA44934F2A441F0F00287065 /* Release */ = {
			isa = XCBuildConfiguration;
			buildSettings = {
				ALWAYS_SEARCH_USER_PATHS = NO;
				CLANG_ANALYZER_NONNULL = YES;
				CLANG_ANALYZER_NUMBER_OBJECT_CONVERSION = YES_AGGRESSIVE;
				CLANG_CXX_LANGUAGE_STANDARD = "gnu++20";
				CLANG_ENABLE_MODULES = YES;
				CLANG_ENABLE_OBJC_ARC = YES;
				CLANG_ENABLE_OBJC_WEAK = YES;
				CLANG_WARN_BLOCK_CAPTURE_AUTORELEASING = YES;
				CLANG_WARN_BOOL_CONVERSION = YES;
				CLANG_WARN_COMMA = YES;
				CLANG_WARN_CONSTANT_CONVERSION = YES;
				CLANG_WARN_DEPRECATED_OBJC_IMPLEMENTATIONS = YES;
				CLANG_WARN_DIRECT_OBJC_ISA_USAGE = YES_ERROR;
				CLANG_WARN_DOCUMENTATION_COMMENTS = YES;
				CLANG_WARN_EMPTY_BODY = YES;
				CLANG_WARN_ENUM_CONVERSION = YES;
				CLANG_WARN_INFINITE_RECURSION = YES;
				CLANG_WARN_INT_CONVERSION = YES;
				CLANG_WARN_NON_LITERAL_NULL_CONVERSION = YES;
				CLANG_WARN_OBJC_IMPLICIT_RETAIN_SELF = YES;
				CLANG_WARN_OBJC_LITERAL_CONVERSION = YES;
				CLANG_WARN_OBJC_ROOT_CLASS = YES_ERROR;
				CLANG_WARN_QUOTED_INCLUDE_IN_FRAMEWORK_HEADER = YES;
				CLANG_WARN_RANGE_LOOP_ANALYSIS = YES;
				CLANG_WARN_STRICT_PROTOTYPES = YES;
				CLANG_WARN_SUSPICIOUS_MOVE = YES;
				CLANG_WARN_UNGUARDED_AVAILABILITY = YES_AGGRESSIVE;
				CLANG_WARN_UNREACHABLE_CODE = YES;
				CLANG_WARN__DUPLICATE_METHOD_MATCH = YES;
				COPY_PHASE_STRIP = NO;
				DEBUG_INFORMATION_FORMAT = "dwarf-with-dsym";
				ENABLE_NS_ASSERTIONS = NO;
				ENABLE_STRICT_OBJC_MSGSEND = YES;
				GCC_C_LANGUAGE_STANDARD = gnu11;
				GCC_NO_COMMON_BLOCKS = YES;
				GCC_WARN_64_TO_32_BIT_CONVERSION = YES;
				GCC_WARN_ABOUT_RETURN_TYPE = YES_ERROR;
				GCC_WARN_UNDECLARED_SELECTOR = YES;
				GCC_WARN_UNINITIALIZED_AUTOS = YES_AGGRESSIVE;
				GCC_WARN_UNUSED_FUNCTION = YES;
				GCC_WARN_UNUSED_VARIABLE = YES;
				IPHONEOS_DEPLOYMENT_TARGET = 16.4;
				MTL_ENABLE_DEBUG_INFO = NO;
				MTL_FAST_MATH = YES;
				SDKROOT = iphoneos;
				SWIFT_COMPILATION_MODE = wholemodule;
				SWIFT_OPTIMIZATION_LEVEL = "-O";
				VALIDATE_PRODUCT = YES;
			};
			name = Release;
		};
		FA4493512A441F0F00287065 /* Debug */ = {
			isa = XCBuildConfiguration;
			buildSettings = {
				ASSETCATALOG_COMPILER_APPICON_NAME = AppIcon;
				ASSETCATALOG_COMPILER_GLOBAL_ACCENT_COLOR_NAME = AccentColor;
				CODE_SIGN_STYLE = Automatic;
				CURRENT_PROJECT_VERSION = 1;
				DEVELOPMENT_TEAM = XWAC9ZNNPB;
				GENERATE_INFOPLIST_FILE = YES;
				INFOPLIST_FILE = EssentialApp/Info.plist;
				INFOPLIST_KEY_UIApplicationSupportsIndirectInputEvents = YES;
				INFOPLIST_KEY_UILaunchStoryboardName = LaunchScreen.storyboard;
				INFOPLIST_KEY_UIRequiresFullScreen = NO;
				INFOPLIST_KEY_UISupportedInterfaceOrientations = UIInterfaceOrientationPortrait;
				INFOPLIST_KEY_UISupportedInterfaceOrientations_iPad = "UIInterfaceOrientationLandscapeLeft UIInterfaceOrientationLandscapeRight UIInterfaceOrientationPortrait UIInterfaceOrientationPortraitUpsideDown";
				LD_RUNPATH_SEARCH_PATHS = (
					"$(inherited)",
					"@executable_path/Frameworks",
				);
				MARKETING_VERSION = 1.0;
				PRODUCT_BUNDLE_IDENTIFIER = com.iramml.EssentialApp;
				PRODUCT_NAME = "$(TARGET_NAME)";
				SWIFT_EMIT_LOC_STRINGS = YES;
				SWIFT_VERSION = 5.0;
				TARGETED_DEVICE_FAMILY = "1,2";
			};
			name = Debug;
		};
		FA4493522A441F0F00287065 /* Release */ = {
			isa = XCBuildConfiguration;
			buildSettings = {
				ASSETCATALOG_COMPILER_APPICON_NAME = AppIcon;
				ASSETCATALOG_COMPILER_GLOBAL_ACCENT_COLOR_NAME = AccentColor;
				CODE_SIGN_STYLE = Automatic;
				CURRENT_PROJECT_VERSION = 1;
				DEVELOPMENT_TEAM = XWAC9ZNNPB;
				GENERATE_INFOPLIST_FILE = YES;
				INFOPLIST_FILE = EssentialApp/Info.plist;
				INFOPLIST_KEY_UIApplicationSupportsIndirectInputEvents = YES;
				INFOPLIST_KEY_UILaunchStoryboardName = LaunchScreen.storyboard;
				INFOPLIST_KEY_UIRequiresFullScreen = NO;
				INFOPLIST_KEY_UISupportedInterfaceOrientations = UIInterfaceOrientationPortrait;
				INFOPLIST_KEY_UISupportedInterfaceOrientations_iPad = "UIInterfaceOrientationLandscapeLeft UIInterfaceOrientationLandscapeRight UIInterfaceOrientationPortrait UIInterfaceOrientationPortraitUpsideDown";
				LD_RUNPATH_SEARCH_PATHS = (
					"$(inherited)",
					"@executable_path/Frameworks",
				);
				MARKETING_VERSION = 1.0;
				PRODUCT_BUNDLE_IDENTIFIER = com.iramml.EssentialApp;
				PRODUCT_NAME = "$(TARGET_NAME)";
				SWIFT_EMIT_LOC_STRINGS = YES;
				SWIFT_VERSION = 5.0;
				TARGETED_DEVICE_FAMILY = "1,2";
			};
			name = Release;
		};
		FA4493542A441F0F00287065 /* Debug */ = {
			isa = XCBuildConfiguration;
			buildSettings = {
				ALWAYS_EMBED_SWIFT_STANDARD_LIBRARIES = YES;
				BUNDLE_LOADER = "$(TEST_HOST)";
				CODE_SIGN_STYLE = Automatic;
				CURRENT_PROJECT_VERSION = 1;
				DEVELOPMENT_TEAM = XWAC9ZNNPB;
				GENERATE_INFOPLIST_FILE = YES;
				IPHONEOS_DEPLOYMENT_TARGET = 16.4;
				MARKETING_VERSION = 1.0;
				PRODUCT_BUNDLE_IDENTIFIER = com.iramml.EssentialAppTests;
				PRODUCT_NAME = "$(TARGET_NAME)";
				SWIFT_EMIT_LOC_STRINGS = NO;
				SWIFT_VERSION = 5.0;
				TARGETED_DEVICE_FAMILY = "1,2";
				TEST_HOST = "$(BUILT_PRODUCTS_DIR)/EssentialApp.app/$(BUNDLE_EXECUTABLE_FOLDER_PATH)/EssentialApp";
			};
			name = Debug;
		};
		FA4493552A441F0F00287065 /* Release */ = {
			isa = XCBuildConfiguration;
			buildSettings = {
				ALWAYS_EMBED_SWIFT_STANDARD_LIBRARIES = YES;
				BUNDLE_LOADER = "$(TEST_HOST)";
				CODE_SIGN_STYLE = Automatic;
				CURRENT_PROJECT_VERSION = 1;
				DEVELOPMENT_TEAM = XWAC9ZNNPB;
				GENERATE_INFOPLIST_FILE = YES;
				IPHONEOS_DEPLOYMENT_TARGET = 16.4;
				MARKETING_VERSION = 1.0;
				PRODUCT_BUNDLE_IDENTIFIER = com.iramml.EssentialAppTests;
				PRODUCT_NAME = "$(TARGET_NAME)";
				SWIFT_EMIT_LOC_STRINGS = NO;
				SWIFT_VERSION = 5.0;
				TARGETED_DEVICE_FAMILY = "1,2";
				TEST_HOST = "$(BUILT_PRODUCTS_DIR)/EssentialApp.app/$(BUNDLE_EXECUTABLE_FOLDER_PATH)/EssentialApp";
			};
			name = Release;
		};
/* End XCBuildConfiguration section */

/* Begin XCConfigurationList section */
		FA4493212A441F0D00287065 /* Build configuration list for PBXProject "EssentialApp" */ = {
			isa = XCConfigurationList;
			buildConfigurations = (
				FA44934E2A441F0F00287065 /* Debug */,
				FA44934F2A441F0F00287065 /* Release */,
			);
			defaultConfigurationIsVisible = 0;
			defaultConfigurationName = Release;
		};
		FA4493502A441F0F00287065 /* Build configuration list for PBXNativeTarget "EssentialApp" */ = {
			isa = XCConfigurationList;
			buildConfigurations = (
				FA4493512A441F0F00287065 /* Debug */,
				FA4493522A441F0F00287065 /* Release */,
			);
			defaultConfigurationIsVisible = 0;
			defaultConfigurationName = Release;
		};
		FA4493532A441F0F00287065 /* Build configuration list for PBXNativeTarget "EssentialAppTests" */ = {
			isa = XCConfigurationList;
			buildConfigurations = (
				FA4493542A441F0F00287065 /* Debug */,
				FA4493552A441F0F00287065 /* Release */,
			);
			defaultConfigurationIsVisible = 0;
			defaultConfigurationName = Release;
		};
/* End XCConfigurationList section */
	};
	rootObject = FA44931E2A441F0D00287065 /* Project object */;
}
